// !$*UTF8*$!
{
	archiveVersion = 1;
	classes = {
	};
	objectVersion = 51;
	objects = {

/* Begin PBXBuildFile section */
		01B70A5E550A449C127325DF /* appdata in Resources */ = {isa = PBXBuildFile; fileRef = AAFE47A4D6C8031F7908C126 /* appdata */; };
		04F4FEE6CCD83416E8FE839A /* LocalizedValue.swift in Sources */ = {isa = PBXBuildFile; fileRef = FA19EBF7C945F904E62483D9 /* LocalizedValue.swift */; };
		07423B0280D7A12AED02F878 /* BasicItem.swift in Sources */ = {isa = PBXBuildFile; fileRef = 4B60EB73F513A1202DF4B1CA /* BasicItem.swift */; };
		145EAED9BD11B18B68F68AAF /* MoreRouter.swift in Sources */ = {isa = PBXBuildFile; fileRef = 495D81A1BB365A9196666B83 /* MoreRouter.swift */; };
		14F7646493A15C74EB15E9F5 /* HomeViewController.xib in Resources */ = {isa = PBXBuildFile; fileRef = ED7C78A51797C4B5002C975F /* HomeViewController.xib */; };
		159513A45748ACB54B29CB2A /* FLMediaTableViewCell.xib in Resources */ = {isa = PBXBuildFile; fileRef = 2714A8AFE0361C35AD985531 /* FLMediaTableViewCell.xib */; };
		1655CB65898DDA1D03AD1199 /* HealingMusicViewController.xib in Resources */ = {isa = PBXBuildFile; fileRef = 3E0E3825D5BDB753F4572AE5 /* HealingMusicViewController.xib */; };
		1B7F1C3D3504AEE5A72EA595 /* FLCollectionViewTableViewCell.swift in Sources */ = {isa = PBXBuildFile; fileRef = A91D13AF1A4E6F0C439F2206 /* FLCollectionViewTableViewCell.swift */; };
		1D4E26A64BF55837A3C1FD14 /* BaseViewController.swift in Sources */ = {isa = PBXBuildFile; fileRef = AF6AC6448E2F1280AD8F8F20 /* BaseViewController.swift */; };
		21947F5303FC43D6F7A5AD2E /* TourEventsDataSource.swift in Sources */ = {isa = PBXBuildFile; fileRef = 33DB01D28CCB9846908F6F77 /* TourEventsDataSource.swift */; };
		2260F33D3CB84FD0C6B41879 /* MainMenuPresenter.swift in Sources */ = {isa = PBXBuildFile; fileRef = 7A128A31DB8463DB4398A276 /* MainMenuPresenter.swift */; };
		235B81F2ABB3D5BF68E9FC79 /* ContentService.swift in Sources */ = {isa = PBXBuildFile; fileRef = 68BFABEE0C854EB6F0B0C9F1 /* ContentService.swift */; };
		238F2BB8E9C2A1E5BD38E537 /* AshramInteractor.swift in Sources */ = {isa = PBXBuildFile; fileRef = 458A44F81AC2195B06917549 /* AshramInteractor.swift */; };
		23F5BB09972725A4DB338562 /* AshramBlogItemDetailsViewController.swift in Sources */ = {isa = PBXBuildFile; fileRef = 114D96343D76BF3D0D94C1DF /* AshramBlogItemDetailsViewController.swift */; };
		24049F4F5C25C9B34B105B05 /* TourEventsBuilder.swift in Sources */ = {isa = PBXBuildFile; fileRef = 585EE2E332CBCB597CFCFB0A /* TourEventsBuilder.swift */; };
		241C5996994C1D0846777DDE /* MoreTableViewDataSource.swift in Sources */ = {isa = PBXBuildFile; fileRef = 9D8ECE134D8181D1E7CD5C48 /* MoreTableViewDataSource.swift */; };
		25146770FFB15159C6552269 /* NSLocaleUtils.swift in Sources */ = {isa = PBXBuildFile; fileRef = 2343E6E88558F5148C3E7E31 /* NSLocaleUtils.swift */; };
		275DD952CDD17BAA2B0384FC /* HealingMusicViewController.swift in Sources */ = {isa = PBXBuildFile; fileRef = DBEA30ED51C4562E4ABBE4E2 /* HealingMusicViewController.swift */; };
		28557F7F3247D809FA62C27B /* HomeViewController.swift in Sources */ = {isa = PBXBuildFile; fileRef = 32DF0A564E50965354FD24E6 /* HomeViewController.swift */; };
		2B2007EBFBF4C68EE034DB38 /* InteractivePopRecognizer.swift in Sources */ = {isa = PBXBuildFile; fileRef = 6D9B90FF2A9A1A63643363C0 /* InteractivePopRecognizer.swift */; };
		2D5475B53454CF5CDBEAD1F6 /* MoreTableViewDelegate.swift in Sources */ = {isa = PBXBuildFile; fileRef = 06347B3EBE635361B36FB173 /* MoreTableViewDelegate.swift */; };
		2FC8CA3B3EED1FEB6FF7C5E1 /* FLTableViewCell.swift in Sources */ = {isa = PBXBuildFile; fileRef = 903C6212894406C9BAB26B79 /* FLTableViewCell.swift */; };
		35ADC2BF870DE26600B208F5 /* FLTableViewDataSource.swift in Sources */ = {isa = PBXBuildFile; fileRef = D53566E7780A3B6C651F3E91 /* FLTableViewDataSource.swift */; };
		38017681CCD81536DE518602 /* TimeZoneUtils.swift in Sources */ = {isa = PBXBuildFile; fileRef = 7CE01B9F2DA7834DE3554B69 /* TimeZoneUtils.swift */; };
		3852FA482C70002ACFFB6ACA /* HealingMusicRouter.swift in Sources */ = {isa = PBXBuildFile; fileRef = FE75F8F8F97F3DB1C675BEA1 /* HealingMusicRouter.swift */; };
		38E00FC21D7A82D9E6CEC966 /* Main.storyboard in Resources */ = {isa = PBXBuildFile; fileRef = 4F7D6DCE2633BB06C5677D40 /* Main.storyboard */; };
		39D1002785EBDE466EF1235F /* IstvanSkyPlayerViewController.swift in Sources */ = {isa = PBXBuildFile; fileRef = 4EFF71BC1B6C647F7CF83318 /* IstvanSkyPlayerViewController.swift */; };
		39D75D78026A9370B384ADAF /* FLCollectionViewTableViewCell.xib in Resources */ = {isa = PBXBuildFile; fileRef = 3134ECCBB63269375BE72F97 /* FLCollectionViewTableViewCell.xib */; };
		3BAE49C81856175A539910F9 /* AshramBlogViewDataSource.swift in Sources */ = {isa = PBXBuildFile; fileRef = 34E5B7C4CB670A8F7A22128E /* AshramBlogViewDataSource.swift */; };
		408C414540966DCB973C7FF2 /* AshramRouter.swift in Sources */ = {isa = PBXBuildFile; fileRef = 335465717BA9FCD95B253B3A /* AshramRouter.swift */; };
		409C823A967390E43AC87D76 /* HealingMusicPresenter.swift in Sources */ = {isa = PBXBuildFile; fileRef = BBD17B476E7DB3B343DDC7A3 /* HealingMusicPresenter.swift */; };
		4545F40DF23234632FA6133D /* AshramBlogViewController.swift in Sources */ = {isa = PBXBuildFile; fileRef = B8E0D0D0DB586A6256F3484E /* AshramBlogViewController.swift */; };
		4A6D28CCF47B7555F93636D1 /* ExtendedUINavigationController.swift in Sources */ = {isa = PBXBuildFile; fileRef = 288909BF8EB915C3FF096037 /* ExtendedUINavigationController.swift */; };
		4AF05965DF928063968B0EB6 /* TourEventsPresenter.swift in Sources */ = {isa = PBXBuildFile; fileRef = 65FC1FDF13BB368556528775 /* TourEventsPresenter.swift */; };
		4C71E0AD5A683F9D384F7B8E /* UIView.swift in Sources */ = {isa = PBXBuildFile; fileRef = 212E3F2BD78A8093DED7E1E7 /* UIView.swift */; };
		4CB423DCB1A09E0DC72CC1E3 /* HomePresenter.swift in Sources */ = {isa = PBXBuildFile; fileRef = CC79DB44EF6132898A4E327E /* HomePresenter.swift */; };
		4CF0333A9C17159BB1281902 /* FileManagerUtils.swift in Sources */ = {isa = PBXBuildFile; fileRef = 8B76C888AF4FE0B24ED8C7A9 /* FileManagerUtils.swift */; };
		4D7F5E9DBA02D72D8326CCB5 /* NSE.appex in Embed App Extensions */ = {isa = PBXBuildFile; fileRef = 715253CF7C8DB4D181EECA7B /* NSE.appex */; settings = {ATTRIBUTES = (RemoveHeadersOnCopy, ); }; };
		4E9AC726F604AD28C70CC7BC /* AshramPresenter.swift in Sources */ = {isa = PBXBuildFile; fileRef = EF01FFD31FD9DBB7F5A808E0 /* AshramPresenter.swift */; };
		4FAC15124BE2DD6F51FB6DBE /* CachingPlayerItem.swift in Sources */ = {isa = PBXBuildFile; fileRef = 9DB82795FFA6C4237D5FBEC4 /* CachingPlayerItem.swift */; };
		504D2864B8A9BEB8DFE9D50D /* AshramBlogHeaderView.swift in Sources */ = {isa = PBXBuildFile; fileRef = AC0676F496DF95357A4AA13E /* AshramBlogHeaderView.swift */; };
		53265C5174F32B1D30F7FBB2 /* ItemDetailsViewController.swift in Sources */ = {isa = PBXBuildFile; fileRef = 6DDE3C53A6135297546725D4 /* ItemDetailsViewController.swift */; };
		5509BA8A470D27F7D07BE3D7 /* UIColorUtils.swift in Sources */ = {isa = PBXBuildFile; fileRef = 4AFB674A55109C54E448E52A /* UIColorUtils.swift */; };
		560E64965810049765B42E99 /* FLTableViewDelegate.swift in Sources */ = {isa = PBXBuildFile; fileRef = E9128A8D1DE88E4BB490453D /* FLTableViewDelegate.swift */; };
		56DED3CDCBF0C0A2D47F09FC /* FLBasicItemCollectionViewCell.swift in Sources */ = {isa = PBXBuildFile; fileRef = 359E5F10ACA612781046FBC3 /* FLBasicItemCollectionViewCell.swift */; };
		583F94D3FE832C6A45CFC34C /* UIButtonUtils.swift in Sources */ = {isa = PBXBuildFile; fileRef = 9119174597301915993C371F /* UIButtonUtils.swift */; };
		58F4FBCE58FE1CAD25A04F31 /* Istvan_SkyTests.swift in Sources */ = {isa = PBXBuildFile; fileRef = B39A5BF9AEAB4BA100CB867F /* Istvan_SkyTests.swift */; };
		59E0DEE2CDD1A33DD8D6DD28 /* AshramBlogItemTableViewCell.xib in Resources */ = {isa = PBXBuildFile; fileRef = A07696CF05F1058E3CAF08C5 /* AshramBlogItemTableViewCell.xib */; };
		5A189CDF376A17ACE98D8F1E /* MeditationDetailsViewController.swift in Sources */ = {isa = PBXBuildFile; fileRef = 8F89458DBE985E41949B79EA /* MeditationDetailsViewController.swift */; };
		5F388A7AE55B542D0211867B /* MoreBuilder.swift in Sources */ = {isa = PBXBuildFile; fileRef = 7DA06D5FC1BCAE2D41541E4C /* MoreBuilder.swift */; };
		5FA545820BE2898A3EA11A97 /* MoreViewController.xib in Resources */ = {isa = PBXBuildFile; fileRef = 9360734D9DEB1835D5FE9114 /* MoreViewController.xib */; };
		64EB76A7A6537275CE41C95E /* FLCollectionViewDelegate.swift in Sources */ = {isa = PBXBuildFile; fileRef = 74828BD0DF514B1CDAD6D2A3 /* FLCollectionViewDelegate.swift */; };
		6AA21F8CDB5E39E18DEFCC38 /* StringUtils.swift in Sources */ = {isa = PBXBuildFile; fileRef = E406B05F69CA294BE068A199 /* StringUtils.swift */; };
		6B9E3A9D0D34882C2C10BBF9 /* ServicesContainer.swift in Sources */ = {isa = PBXBuildFile; fileRef = 249D8D390B87E8CCD9EBE256 /* ServicesContainer.swift */; };
		6E11062B239144116286E178 /* FLViewModel.swift in Sources */ = {isa = PBXBuildFile; fileRef = A10D9AB8A2ABA6ACF2189E4C /* FLViewModel.swift */; };
		733BF8B2DD3388C8EBABD9BE /* AboutIstvanViewController.swift in Sources */ = {isa = PBXBuildFile; fileRef = 1338CD1690063784317D6CF6 /* AboutIstvanViewController.swift */; };
		78F3ED47A92294A7E37EF099 /* DataUtils.swift in Sources */ = {isa = PBXBuildFile; fileRef = 65620D130DC43B20FDC1AD33 /* DataUtils.swift */; };
		79950C4928D0B33FD699CCFA /* DonateRouter.swift in Sources */ = {isa = PBXBuildFile; fileRef = 79545599ACF2FE54973F7B9A /* DonateRouter.swift */; };
		7A5F887296C5884EF46212EE /* LaunchScreen.storyboard in Resources */ = {isa = PBXBuildFile; fileRef = 6B0C81BAB5147826E87951FD /* LaunchScreen.storyboard */; };
		7F0C958EDA40F85339BF7D22 /* libPods-NSE.a in Frameworks */ = {isa = PBXBuildFile; fileRef = CE515E40534BEED4B18E6F0C /* libPods-NSE.a */; };
		7F5DC71788D32128B279C620 /* DonateBuilder.swift in Sources */ = {isa = PBXBuildFile; fileRef = 435D2C49CBD02E7B8C1032D4 /* DonateBuilder.swift */; };
		8171B13116CBF35CC2288958 /* GoogleService-Info.plist in Resources */ = {isa = PBXBuildFile; fileRef = B1745D97E8C3B74AF37D9FDF /* GoogleService-Info.plist */; };
		86960C2BAAFCDDAA096BCB01 /* HealingMusicBuilder.swift in Sources */ = {isa = PBXBuildFile; fileRef = F206BE0C91838E9CFFBD898D /* HealingMusicBuilder.swift */; };
		8AC6E9833A79EEBBE4D35846 /* DonateViewController.swift in Sources */ = {isa = PBXBuildFile; fileRef = AE4B5E9CC93BA6C3E755C15D /* DonateViewController.swift */; };
		8D9636C4328AA7F076DAB03D /* DonateViewController.xib in Resources */ = {isa = PBXBuildFile; fileRef = CE5460E08BB2C9E3DB73A51A /* DonateViewController.xib */; };
		8E61C31F7D7657D0BDCFA80B /* MainMenuBuilder.swift in Sources */ = {isa = PBXBuildFile; fileRef = 614B8829D39FE87B0DCB798C /* MainMenuBuilder.swift */; };
		8E76B1B21AA659FA529068C5 /* DonatePresenter.swift in Sources */ = {isa = PBXBuildFile; fileRef = BD0B8C4FC3523964D1E03DDE /* DonatePresenter.swift */; };
		905C83F4ECC2D0438029C0A6 /* FeedItemDetailsViewController.swift in Sources */ = {isa = PBXBuildFile; fileRef = 6664AA859FD0F73C16F8DCBF /* FeedItemDetailsViewController.swift */; };
		92256D1E8B1091E092C46A82 /* TourEventsRouter.swift in Sources */ = {isa = PBXBuildFile; fileRef = FDAE36760D23EEA94D4DD5E6 /* TourEventsRouter.swift */; };
		93FE371D15D05948E77F41DF /* TourEventTableViewCell.xib in Resources */ = {isa = PBXBuildFile; fileRef = B8D5BB090C87972B9B45A093 /* TourEventTableViewCell.xib */; };
		94486773776AACD90BB684E3 /* BundleUtils.swift in Sources */ = {isa = PBXBuildFile; fileRef = 661724111E7A0D23E18A9B09 /* BundleUtils.swift */; };
		9B362309FEC0D3EAB7CBE57E /* TourEventTableViewCell.swift in Sources */ = {isa = PBXBuildFile; fileRef = F78B0E15AAD8FBA5685D832C /* TourEventTableViewCell.swift */; };
		9DDED2E446EC57DCBA11C980 /* ExtendedSFSafariViewController.swift in Sources */ = {isa = PBXBuildFile; fileRef = A5C178E898136FE5B0D8E85A /* ExtendedSFSafariViewController.swift */; };
		9E2A1EB7D100BD2788BFDFBA /* HTMLFileViewController.swift in Sources */ = {isa = PBXBuildFile; fileRef = E8E4509E5992ADB1B8601411 /* HTMLFileViewController.swift */; };
		9E64D9D0333278BE6B30776A /* DonateInteractor.swift in Sources */ = {isa = PBXBuildFile; fileRef = 8F13A8239A644EB820D07946 /* DonateInteractor.swift */; };
		9FEB2E2FE617E57BD95861B1 /* AshramBlogViewController.xib in Resources */ = {isa = PBXBuildFile; fileRef = 40F4A13B582E6687382C21CC /* AshramBlogViewController.xib */; };
		A404C60395B81171933E493E /* BasicItemUtils.swift in Sources */ = {isa = PBXBuildFile; fileRef = 3FA0B76EF231FAE129D5AA09 /* BasicItemUtils.swift */; };
		A702E5491ECDDD01B8AB8166 /* DateUtils.swift in Sources */ = {isa = PBXBuildFile; fileRef = B8C6DD10FB1CCA96FA88A039 /* DateUtils.swift */; };
		A741BB8F95823A6A148BA1AF /* TourEventsViewController.xib in Resources */ = {isa = PBXBuildFile; fileRef = F203DD984F46684CA27C0DA2 /* TourEventsViewController.xib */; };
		A933A07FADB5E68442C38033 /* FRProxyDataPresenter.swift in Sources */ = {isa = PBXBuildFile; fileRef = A6611FC8CB893C0AB08912EC /* FRProxyDataPresenter.swift */; };
		ADE03F0B978998511F9BC322 /* FLMediaTableViewCell.swift in Sources */ = {isa = PBXBuildFile; fileRef = AEFE1745F8D4C6CB729DC930 /* FLMediaTableViewCell.swift */; };
		AEF325881FEC109D796FCA99 /* HomeRouter.swift in Sources */ = {isa = PBXBuildFile; fileRef = 9B25B1D10F521CC5D836B838 /* HomeRouter.swift */; };
		B0F45C2F8B5D3C6F43DE9222 /* libPods-Istvan Sky.a in Frameworks */ = {isa = PBXBuildFile; fileRef = 9DEC30B758CC3C42BB582DF7 /* libPods-Istvan Sky.a */; };
		B188F714EFA9A11AEB58E1EA /* HomeBuilder.swift in Sources */ = {isa = PBXBuildFile; fileRef = 1FE83EAE0CF4F6708051320A /* HomeBuilder.swift */; };
		B30E8F1AB106D9BFE5E775E1 /* TourEventsDelegate.swift in Sources */ = {isa = PBXBuildFile; fileRef = 5B5D730BC1F1FF856F47551E /* TourEventsDelegate.swift */; };
		B55D279DD92C3D498B0B2211 /* MorePresenter.swift in Sources */ = {isa = PBXBuildFile; fileRef = CE0D11679242221648F09563 /* MorePresenter.swift */; };
		B5F5055559ABE977AD859DF9 /* HealingMusicInteractor.swift in Sources */ = {isa = PBXBuildFile; fileRef = 03777488B2DAF60542AB619F /* HealingMusicInteractor.swift */; };
		B6D41A6C6E7C23EDF8CA20AA /* BasicItemType.swift in Sources */ = {isa = PBXBuildFile; fileRef = C665FA546B741FC7497121ED /* BasicItemType.swift */; };
		BA7BB2CCF5DB96CCEACF8D2D /* HomeInteractor.swift in Sources */ = {isa = PBXBuildFile; fileRef = CA586444B8F7A17E6C5D631B /* HomeInteractor.swift */; };
		BC1EADAC7FE45EA40111EDC3 /* MoreInteractor.swift in Sources */ = {isa = PBXBuildFile; fileRef = F4A12EFB00860F61BAA3DE82 /* MoreInteractor.swift */; };
		BC67986C43247ABEE821124C /* Assets.xcassets in Resources */ = {isa = PBXBuildFile; fileRef = 272CCA2D0137E035EF05B83F /* Assets.xcassets */; };
		BC684BF2B59E269DADEC4C17 /* Istvan_SkyUITests.swift in Sources */ = {isa = PBXBuildFile; fileRef = DD81A3FFDA4B0936EC44A533 /* Istvan_SkyUITests.swift */; };
		BFAD25AC9F5DAB170A84D5CF /* MoreViewController.swift in Sources */ = {isa = PBXBuildFile; fileRef = 27A8890A08D75F0DF9202E2F /* MoreViewController.swift */; };
		C285EEED159C1D071AB56784 /* SnapshotHelper.swift in Sources */ = {isa = PBXBuildFile; fileRef = F27CB6E2B15055A5699C04F7 /* SnapshotHelper.swift */; };
		CCB13D34D136F36369059006 /* FLTableViewCell.xib in Resources */ = {isa = PBXBuildFile; fileRef = D9BC9F6CE14C006E250B2BEC /* FLTableViewCell.xib */; };
		CE89E91BDE541DF9B6E5C0BC /* FLCollectionViewDataSource.swift in Sources */ = {isa = PBXBuildFile; fileRef = C215BD9D4BD56AD7284DF5BE /* FLCollectionViewDataSource.swift */; };
		D01BD160E97EDBD186E823F8 /* MainMenuViewController.swift in Sources */ = {isa = PBXBuildFile; fileRef = 59C214519FB6552468562DF8 /* MainMenuViewController.swift */; };
		D5C740D086F2F1E98A53B460 /* appdata.json in Resources */ = {isa = PBXBuildFile; fileRef = 9E60BC29F8DA6D78B066E186 /* appdata.json */; };
		D8A2E8A936217B88989C7838 /* terms_and_conditions.html in Resources */ = {isa = PBXBuildFile; fileRef = 7797401234485C5B1B00F49C /* terms_and_conditions.html */; };
		DA92B6C76F4DAC690DEC3E04 /* UIImageViewUtils.swift in Sources */ = {isa = PBXBuildFile; fileRef = 05C9F42857B51037F664CBE2 /* UIImageViewUtils.swift */; };
		DCF52CA2D587C7FE92C2E4AE /* TourEventsViewController.swift in Sources */ = {isa = PBXBuildFile; fileRef = EDC428916CFA482DE3C52F38 /* TourEventsViewController.swift */; };
		DFB23024CCBD623597F9C62B /* MainMenuInteractor.swift in Sources */ = {isa = PBXBuildFile; fileRef = DCF38971A582C5DF85819BD0 /* MainMenuInteractor.swift */; };
		E6468B2F88B7CE2DF77D71E8 /* aknowledgements.html in Resources */ = {isa = PBXBuildFile; fileRef = 8929E5109CB0ECEEB9DEBC9A /* aknowledgements.html */; };
		E778E27CE59BFBFA62340EAC /* FLBasicItemCollectionViewCell.xib in Resources */ = {isa = PBXBuildFile; fileRef = 995B0BB70ABD6EF0FA867C2A /* FLBasicItemCollectionViewCell.xib */; };
		EA744F29D61EC807C47FFB60 /* EntryViewController.swift in Sources */ = {isa = PBXBuildFile; fileRef = 0ACCD9008622A0ADCD25867D /* EntryViewController.swift */; };
		ED6C51AA9E9B641B65B38611 /* privacy_policy.html in Resources */ = {isa = PBXBuildFile; fileRef = 57A2C4151ADFAA5BF7AEAAA7 /* privacy_policy.html */; };
		ED9CC27DDDE4F51BBE4B159D /* DateFormatterUtils.swift in Sources */ = {isa = PBXBuildFile; fileRef = 7F6B5CC84C9BA1237D9D0D89 /* DateFormatterUtils.swift */; };
		F02598887FECE94338763A60 /* AshramBlogItemTableViewCell.swift in Sources */ = {isa = PBXBuildFile; fileRef = 40CA18C995A05B3652EEAF87 /* AshramBlogItemTableViewCell.swift */; };
		F045F084DAEF807C468DC278 /* AshramBuilder.swift in Sources */ = {isa = PBXBuildFile; fileRef = B0931F719419CACBCCA7BF3E /* AshramBuilder.swift */; };
		F4851D68B4879B405CA76693 /* TourEventsInteractor.swift in Sources */ = {isa = PBXBuildFile; fileRef = 4F278610DA194576908B10EB /* TourEventsInteractor.swift */; };
		FA40D1A25028A7D5C605810C /* NotificationService.swift in Sources */ = {isa = PBXBuildFile; fileRef = 06B9721277057335C9056966 /* NotificationService.swift */; };
		FB2A2D66150ECF8E9FE95E64 /* AppDelegate.swift in Sources */ = {isa = PBXBuildFile; fileRef = 26C86E22E548FB8C69D5B9E4 /* AppDelegate.swift */; };
		FCA905706A0BA5AB49E63445 /* MainMenuRouter.swift in Sources */ = {isa = PBXBuildFile; fileRef = 594B1A8A585B3187FC5439B2 /* MainMenuRouter.swift */; };
		FE2F3104995A343284EBB422 /* AshramBlogViewDelegate.swift in Sources */ = {isa = PBXBuildFile; fileRef = 1173EDFD829472C6AA479210 /* AshramBlogViewDelegate.swift */; };
/* End PBXBuildFile section */

/* Begin PBXContainerItemProxy section */
		06091EDF92E1BC0B5009892B /* PBXContainerItemProxy */ = {
			isa = PBXContainerItemProxy;
			containerPortal = 23C5FE5BFB943660B12DADF2 /* Project object */;
			proxyType = 1;
			remoteGlobalIDString = D42AB6EA0ECCF4773BF172CC;
			remoteInfo = "Istvan Sky";
		};
		1C518871481C12CC61976019 /* PBXContainerItemProxy */ = {
			isa = PBXContainerItemProxy;
			containerPortal = 23C5FE5BFB943660B12DADF2 /* Project object */;
			proxyType = 1;
			remoteGlobalIDString = E6C8FE5E452BF826E1CC3E09;
			remoteInfo = NSE;
		};
		5ECE0319801146F5A288C588 /* PBXContainerItemProxy */ = {
			isa = PBXContainerItemProxy;
			containerPortal = 23C5FE5BFB943660B12DADF2 /* Project object */;
			proxyType = 1;
			remoteGlobalIDString = D42AB6EA0ECCF4773BF172CC;
			remoteInfo = "Istvan Sky";
		};
/* End PBXContainerItemProxy section */

/* Begin PBXCopyFilesBuildPhase section */
		1BE86E9A780436E28BB17A3F /* Embed App Extensions */ = {
			isa = PBXCopyFilesBuildPhase;
			buildActionMask = 2147483647;
			dstPath = "";
			dstSubfolderSpec = 13;
			files = (
				4D7F5E9DBA02D72D8326CCB5 /* NSE.appex in Embed App Extensions */,
			);
			name = "Embed App Extensions";
			runOnlyForDeploymentPostprocessing = 0;
		};
/* End PBXCopyFilesBuildPhase section */

/* Begin PBXFileReference section */
		0229206582B548B30258EA8B /* Info.plist */ = {isa = PBXFileReference; lastKnownFileType = text.plist; path = Info.plist; sourceTree = "<group>"; };
		03777488B2DAF60542AB619F /* HealingMusicInteractor.swift */ = {isa = PBXFileReference; lastKnownFileType = sourcecode.swift; path = HealingMusicInteractor.swift; sourceTree = "<group>"; };
		05C9F42857B51037F664CBE2 /* UIImageViewUtils.swift */ = {isa = PBXFileReference; lastKnownFileType = sourcecode.swift; path = UIImageViewUtils.swift; sourceTree = "<group>"; };
		06347B3EBE635361B36FB173 /* MoreTableViewDelegate.swift */ = {isa = PBXFileReference; lastKnownFileType = sourcecode.swift; path = MoreTableViewDelegate.swift; sourceTree = "<group>"; };
		06B9721277057335C9056966 /* NotificationService.swift */ = {isa = PBXFileReference; lastKnownFileType = sourcecode.swift; path = NotificationService.swift; sourceTree = "<group>"; };
		0ACCD9008622A0ADCD25867D /* EntryViewController.swift */ = {isa = PBXFileReference; lastKnownFileType = sourcecode.swift; path = EntryViewController.swift; sourceTree = "<group>"; };
		114D96343D76BF3D0D94C1DF /* AshramBlogItemDetailsViewController.swift */ = {isa = PBXFileReference; lastKnownFileType = sourcecode.swift; path = AshramBlogItemDetailsViewController.swift; sourceTree = "<group>"; };
		1173EDFD829472C6AA479210 /* AshramBlogViewDelegate.swift */ = {isa = PBXFileReference; lastKnownFileType = sourcecode.swift; path = AshramBlogViewDelegate.swift; sourceTree = "<group>"; };
		1338CD1690063784317D6CF6 /* AboutIstvanViewController.swift */ = {isa = PBXFileReference; lastKnownFileType = sourcecode.swift; path = AboutIstvanViewController.swift; sourceTree = "<group>"; };
		16734163A653A1A8F2A2422F /* Pods-NSE.debug.xcconfig */ = {isa = PBXFileReference; includeInIndex = 1; lastKnownFileType = text.xcconfig; name = "Pods-NSE.debug.xcconfig"; path = "Target Support Files/Pods-NSE/Pods-NSE.debug.xcconfig"; sourceTree = "<group>"; };
		1FE83EAE0CF4F6708051320A /* HomeBuilder.swift */ = {isa = PBXFileReference; lastKnownFileType = sourcecode.swift; path = HomeBuilder.swift; sourceTree = "<group>"; };
		212E3F2BD78A8093DED7E1E7 /* UIView.swift */ = {isa = PBXFileReference; lastKnownFileType = sourcecode.swift; path = UIView.swift; sourceTree = "<group>"; };
		2343E6E88558F5148C3E7E31 /* NSLocaleUtils.swift */ = {isa = PBXFileReference; lastKnownFileType = sourcecode.swift; path = NSLocaleUtils.swift; sourceTree = "<group>"; };
		249D8D390B87E8CCD9EBE256 /* ServicesContainer.swift */ = {isa = PBXFileReference; lastKnownFileType = sourcecode.swift; path = ServicesContainer.swift; sourceTree = "<group>"; };
		26C86E22E548FB8C69D5B9E4 /* AppDelegate.swift */ = {isa = PBXFileReference; lastKnownFileType = sourcecode.swift; path = AppDelegate.swift; sourceTree = "<group>"; };
		2714A8AFE0361C35AD985531 /* FLMediaTableViewCell.xib */ = {isa = PBXFileReference; lastKnownFileType = file.xib; path = FLMediaTableViewCell.xib; sourceTree = "<group>"; };
		272CCA2D0137E035EF05B83F /* Assets.xcassets */ = {isa = PBXFileReference; lastKnownFileType = folder.assetcatalog; path = Assets.xcassets; sourceTree = "<group>"; };
		27A8890A08D75F0DF9202E2F /* MoreViewController.swift */ = {isa = PBXFileReference; lastKnownFileType = sourcecode.swift; path = MoreViewController.swift; sourceTree = "<group>"; };
		288909BF8EB915C3FF096037 /* ExtendedUINavigationController.swift */ = {isa = PBXFileReference; lastKnownFileType = sourcecode.swift; path = ExtendedUINavigationController.swift; sourceTree = "<group>"; };
		3134ECCBB63269375BE72F97 /* FLCollectionViewTableViewCell.xib */ = {isa = PBXFileReference; lastKnownFileType = file.xib; path = FLCollectionViewTableViewCell.xib; sourceTree = "<group>"; };
		32DF0A564E50965354FD24E6 /* HomeViewController.swift */ = {isa = PBXFileReference; lastKnownFileType = sourcecode.swift; path = HomeViewController.swift; sourceTree = "<group>"; };
		335465717BA9FCD95B253B3A /* AshramRouter.swift */ = {isa = PBXFileReference; lastKnownFileType = sourcecode.swift; path = AshramRouter.swift; sourceTree = "<group>"; };
		33DB01D28CCB9846908F6F77 /* TourEventsDataSource.swift */ = {isa = PBXFileReference; lastKnownFileType = sourcecode.swift; path = TourEventsDataSource.swift; sourceTree = "<group>"; };
		34E5B7C4CB670A8F7A22128E /* AshramBlogViewDataSource.swift */ = {isa = PBXFileReference; lastKnownFileType = sourcecode.swift; path = AshramBlogViewDataSource.swift; sourceTree = "<group>"; };
		3534BCBCD787D3FAF7127C66 /* Pods-Istvan Sky.release.xcconfig */ = {isa = PBXFileReference; includeInIndex = 1; lastKnownFileType = text.xcconfig; name = "Pods-Istvan Sky.release.xcconfig"; path = "Target Support Files/Pods-Istvan Sky/Pods-Istvan Sky.release.xcconfig"; sourceTree = "<group>"; };
		359E5F10ACA612781046FBC3 /* FLBasicItemCollectionViewCell.swift */ = {isa = PBXFileReference; lastKnownFileType = sourcecode.swift; path = FLBasicItemCollectionViewCell.swift; sourceTree = "<group>"; };
		3E0E3825D5BDB753F4572AE5 /* HealingMusicViewController.xib */ = {isa = PBXFileReference; lastKnownFileType = file.xib; path = HealingMusicViewController.xib; sourceTree = "<group>"; };
		3FA0B76EF231FAE129D5AA09 /* BasicItemUtils.swift */ = {isa = PBXFileReference; lastKnownFileType = sourcecode.swift; path = BasicItemUtils.swift; sourceTree = "<group>"; };
		40CA18C995A05B3652EEAF87 /* AshramBlogItemTableViewCell.swift */ = {isa = PBXFileReference; lastKnownFileType = sourcecode.swift; path = AshramBlogItemTableViewCell.swift; sourceTree = "<group>"; };
		40F4A13B582E6687382C21CC /* AshramBlogViewController.xib */ = {isa = PBXFileReference; lastKnownFileType = file.xib; path = AshramBlogViewController.xib; sourceTree = "<group>"; };
		435D2C49CBD02E7B8C1032D4 /* DonateBuilder.swift */ = {isa = PBXFileReference; lastKnownFileType = sourcecode.swift; path = DonateBuilder.swift; sourceTree = "<group>"; };
		4450E483937194FB07367C49 /* Base */ = {isa = PBXFileReference; lastKnownFileType = file.storyboard; name = Base; path = Base.lproj/Main.storyboard; sourceTree = "<group>"; };
		458A44F81AC2195B06917549 /* AshramInteractor.swift */ = {isa = PBXFileReference; lastKnownFileType = sourcecode.swift; path = AshramInteractor.swift; sourceTree = "<group>"; };
		495D81A1BB365A9196666B83 /* MoreRouter.swift */ = {isa = PBXFileReference; lastKnownFileType = sourcecode.swift; path = MoreRouter.swift; sourceTree = "<group>"; };
		4AFB674A55109C54E448E52A /* UIColorUtils.swift */ = {isa = PBXFileReference; lastKnownFileType = sourcecode.swift; path = UIColorUtils.swift; sourceTree = "<group>"; };
		4B60EB73F513A1202DF4B1CA /* BasicItem.swift */ = {isa = PBXFileReference; lastKnownFileType = sourcecode.swift; path = BasicItem.swift; sourceTree = "<group>"; };
		4EFF71BC1B6C647F7CF83318 /* IstvanSkyPlayerViewController.swift */ = {isa = PBXFileReference; lastKnownFileType = sourcecode.swift; path = IstvanSkyPlayerViewController.swift; sourceTree = "<group>"; };
		4F278610DA194576908B10EB /* TourEventsInteractor.swift */ = {isa = PBXFileReference; lastKnownFileType = sourcecode.swift; path = TourEventsInteractor.swift; sourceTree = "<group>"; };
		57A2C4151ADFAA5BF7AEAAA7 /* privacy_policy.html */ = {isa = PBXFileReference; lastKnownFileType = text.html; path = privacy_policy.html; sourceTree = "<group>"; };
		585EE2E332CBCB597CFCFB0A /* TourEventsBuilder.swift */ = {isa = PBXFileReference; lastKnownFileType = sourcecode.swift; path = TourEventsBuilder.swift; sourceTree = "<group>"; };
		594B1A8A585B3187FC5439B2 /* MainMenuRouter.swift */ = {isa = PBXFileReference; lastKnownFileType = sourcecode.swift; path = MainMenuRouter.swift; sourceTree = "<group>"; };
		59C214519FB6552468562DF8 /* MainMenuViewController.swift */ = {isa = PBXFileReference; lastKnownFileType = sourcecode.swift; path = MainMenuViewController.swift; sourceTree = "<group>"; };
		5B5D730BC1F1FF856F47551E /* TourEventsDelegate.swift */ = {isa = PBXFileReference; lastKnownFileType = sourcecode.swift; path = TourEventsDelegate.swift; sourceTree = "<group>"; };
		5E8DB16563472F3B8C398D89 /* Info.plist */ = {isa = PBXFileReference; lastKnownFileType = text.plist; path = Info.plist; sourceTree = "<group>"; };
		614B8829D39FE87B0DCB798C /* MainMenuBuilder.swift */ = {isa = PBXFileReference; lastKnownFileType = sourcecode.swift; path = MainMenuBuilder.swift; sourceTree = "<group>"; };
		65620D130DC43B20FDC1AD33 /* DataUtils.swift */ = {isa = PBXFileReference; lastKnownFileType = sourcecode.swift; path = DataUtils.swift; sourceTree = "<group>"; };
		65FC1FDF13BB368556528775 /* TourEventsPresenter.swift */ = {isa = PBXFileReference; lastKnownFileType = sourcecode.swift; path = TourEventsPresenter.swift; sourceTree = "<group>"; };
		661724111E7A0D23E18A9B09 /* BundleUtils.swift */ = {isa = PBXFileReference; lastKnownFileType = sourcecode.swift; path = BundleUtils.swift; sourceTree = "<group>"; };
		6664AA859FD0F73C16F8DCBF /* FeedItemDetailsViewController.swift */ = {isa = PBXFileReference; lastKnownFileType = sourcecode.swift; path = FeedItemDetailsViewController.swift; sourceTree = "<group>"; };
		68BFABEE0C854EB6F0B0C9F1 /* ContentService.swift */ = {isa = PBXFileReference; lastKnownFileType = sourcecode.swift; path = ContentService.swift; sourceTree = "<group>"; };
		6D9B90FF2A9A1A63643363C0 /* InteractivePopRecognizer.swift */ = {isa = PBXFileReference; lastKnownFileType = sourcecode.swift; path = InteractivePopRecognizer.swift; sourceTree = "<group>"; };
		6DDE3C53A6135297546725D4 /* ItemDetailsViewController.swift */ = {isa = PBXFileReference; lastKnownFileType = sourcecode.swift; path = ItemDetailsViewController.swift; sourceTree = "<group>"; };
		6E831C13898188493A158F42 /* Istvan SkyUITests.xctest */ = {isa = PBXFileReference; includeInIndex = 0; lastKnownFileType = wrapper.cfbundle; path = "Istvan SkyUITests.xctest"; sourceTree = BUILT_PRODUCTS_DIR; };
		715253CF7C8DB4D181EECA7B /* NSE.appex */ = {isa = PBXFileReference; includeInIndex = 0; lastKnownFileType = "wrapper.app-extension"; path = NSE.appex; sourceTree = BUILT_PRODUCTS_DIR; };
		74828BD0DF514B1CDAD6D2A3 /* FLCollectionViewDelegate.swift */ = {isa = PBXFileReference; lastKnownFileType = sourcecode.swift; path = FLCollectionViewDelegate.swift; sourceTree = "<group>"; };
		7797401234485C5B1B00F49C /* terms_and_conditions.html */ = {isa = PBXFileReference; lastKnownFileType = text.html; path = terms_and_conditions.html; sourceTree = "<group>"; };
		79545599ACF2FE54973F7B9A /* DonateRouter.swift */ = {isa = PBXFileReference; lastKnownFileType = sourcecode.swift; path = DonateRouter.swift; sourceTree = "<group>"; };
		7A128A31DB8463DB4398A276 /* MainMenuPresenter.swift */ = {isa = PBXFileReference; lastKnownFileType = sourcecode.swift; path = MainMenuPresenter.swift; sourceTree = "<group>"; };
		7CE01B9F2DA7834DE3554B69 /* TimeZoneUtils.swift */ = {isa = PBXFileReference; lastKnownFileType = sourcecode.swift; path = TimeZoneUtils.swift; sourceTree = "<group>"; };
		7DA06D5FC1BCAE2D41541E4C /* MoreBuilder.swift */ = {isa = PBXFileReference; lastKnownFileType = sourcecode.swift; path = MoreBuilder.swift; sourceTree = "<group>"; };
		7F6B5CC84C9BA1237D9D0D89 /* DateFormatterUtils.swift */ = {isa = PBXFileReference; lastKnownFileType = sourcecode.swift; path = DateFormatterUtils.swift; sourceTree = "<group>"; };
		83AD00F2A36CED630AC6C2CD /* Base */ = {isa = PBXFileReference; lastKnownFileType = file.storyboard; name = Base; path = Base.lproj/LaunchScreen.storyboard; sourceTree = "<group>"; };
		8929E5109CB0ECEEB9DEBC9A /* aknowledgements.html */ = {isa = PBXFileReference; lastKnownFileType = text.html; path = aknowledgements.html; sourceTree = "<group>"; };
		8B76C888AF4FE0B24ED8C7A9 /* FileManagerUtils.swift */ = {isa = PBXFileReference; lastKnownFileType = sourcecode.swift; path = FileManagerUtils.swift; sourceTree = "<group>"; };
		8F13A8239A644EB820D07946 /* DonateInteractor.swift */ = {isa = PBXFileReference; lastKnownFileType = sourcecode.swift; path = DonateInteractor.swift; sourceTree = "<group>"; };
		8F89458DBE985E41949B79EA /* MeditationDetailsViewController.swift */ = {isa = PBXFileReference; lastKnownFileType = sourcecode.swift; path = MeditationDetailsViewController.swift; sourceTree = "<group>"; };
		903C6212894406C9BAB26B79 /* FLTableViewCell.swift */ = {isa = PBXFileReference; lastKnownFileType = sourcecode.swift; path = FLTableViewCell.swift; sourceTree = "<group>"; };
		9119174597301915993C371F /* UIButtonUtils.swift */ = {isa = PBXFileReference; lastKnownFileType = sourcecode.swift; path = UIButtonUtils.swift; sourceTree = "<group>"; };
		92C7436445E6B411A174B5F2 /* Istvan SkyTests.xctest */ = {isa = PBXFileReference; includeInIndex = 0; lastKnownFileType = wrapper.cfbundle; path = "Istvan SkyTests.xctest"; sourceTree = BUILT_PRODUCTS_DIR; };
		9360734D9DEB1835D5FE9114 /* MoreViewController.xib */ = {isa = PBXFileReference; lastKnownFileType = file.xib; path = MoreViewController.xib; sourceTree = "<group>"; };
		995B0BB70ABD6EF0FA867C2A /* FLBasicItemCollectionViewCell.xib */ = {isa = PBXFileReference; lastKnownFileType = file.xib; path = FLBasicItemCollectionViewCell.xib; sourceTree = "<group>"; };
		9A38FEE5EE05B5C322EA8D17 /* Istvan Sky.app */ = {isa = PBXFileReference; includeInIndex = 0; lastKnownFileType = wrapper.application; path = "Istvan Sky.app"; sourceTree = BUILT_PRODUCTS_DIR; };
		9B25B1D10F521CC5D836B838 /* HomeRouter.swift */ = {isa = PBXFileReference; lastKnownFileType = sourcecode.swift; path = HomeRouter.swift; sourceTree = "<group>"; };
		9D8ECE134D8181D1E7CD5C48 /* MoreTableViewDataSource.swift */ = {isa = PBXFileReference; lastKnownFileType = sourcecode.swift; path = MoreTableViewDataSource.swift; sourceTree = "<group>"; };
		9DB82795FFA6C4237D5FBEC4 /* CachingPlayerItem.swift */ = {isa = PBXFileReference; lastKnownFileType = sourcecode.swift; path = CachingPlayerItem.swift; sourceTree = "<group>"; };
		9DEC30B758CC3C42BB582DF7 /* libPods-Istvan Sky.a */ = {isa = PBXFileReference; explicitFileType = archive.ar; includeInIndex = 0; path = "libPods-Istvan Sky.a"; sourceTree = BUILT_PRODUCTS_DIR; };
		9E60BC29F8DA6D78B066E186 /* appdata.json */ = {isa = PBXFileReference; lastKnownFileType = text.json; path = appdata.json; sourceTree = "<group>"; };
		A07696CF05F1058E3CAF08C5 /* AshramBlogItemTableViewCell.xib */ = {isa = PBXFileReference; lastKnownFileType = file.xib; path = AshramBlogItemTableViewCell.xib; sourceTree = "<group>"; };
		A10D9AB8A2ABA6ACF2189E4C /* FLViewModel.swift */ = {isa = PBXFileReference; lastKnownFileType = sourcecode.swift; path = FLViewModel.swift; sourceTree = "<group>"; };
		A5C178E898136FE5B0D8E85A /* ExtendedSFSafariViewController.swift */ = {isa = PBXFileReference; lastKnownFileType = sourcecode.swift; path = ExtendedSFSafariViewController.swift; sourceTree = "<group>"; };
		A6611FC8CB893C0AB08912EC /* FRProxyDataPresenter.swift */ = {isa = PBXFileReference; lastKnownFileType = sourcecode.swift; path = FRProxyDataPresenter.swift; sourceTree = "<group>"; };
		A91D13AF1A4E6F0C439F2206 /* FLCollectionViewTableViewCell.swift */ = {isa = PBXFileReference; lastKnownFileType = sourcecode.swift; path = FLCollectionViewTableViewCell.swift; sourceTree = "<group>"; };
		AAFE47A4D6C8031F7908C126 /* appdata */ = {isa = PBXFileReference; lastKnownFileType = folder; name = appdata; path = "Istvan Sky/Resources/appdata"; sourceTree = SOURCE_ROOT; };
		AC0676F496DF95357A4AA13E /* AshramBlogHeaderView.swift */ = {isa = PBXFileReference; lastKnownFileType = sourcecode.swift; path = AshramBlogHeaderView.swift; sourceTree = "<group>"; };
		AE4B5E9CC93BA6C3E755C15D /* DonateViewController.swift */ = {isa = PBXFileReference; lastKnownFileType = sourcecode.swift; path = DonateViewController.swift; sourceTree = "<group>"; };
		AEFE1745F8D4C6CB729DC930 /* FLMediaTableViewCell.swift */ = {isa = PBXFileReference; lastKnownFileType = sourcecode.swift; path = FLMediaTableViewCell.swift; sourceTree = "<group>"; };
		AF6AC6448E2F1280AD8F8F20 /* BaseViewController.swift */ = {isa = PBXFileReference; lastKnownFileType = sourcecode.swift; path = BaseViewController.swift; sourceTree = "<group>"; };
		B0931F719419CACBCCA7BF3E /* AshramBuilder.swift */ = {isa = PBXFileReference; lastKnownFileType = sourcecode.swift; path = AshramBuilder.swift; sourceTree = "<group>"; };
		B1745D97E8C3B74AF37D9FDF /* GoogleService-Info.plist */ = {isa = PBXFileReference; lastKnownFileType = text.plist; path = "GoogleService-Info.plist"; sourceTree = "<group>"; };
		B2325567C77FA74007D722AD /* Info.plist */ = {isa = PBXFileReference; lastKnownFileType = text.plist; path = Info.plist; sourceTree = "<group>"; };
		B39A5BF9AEAB4BA100CB867F /* Istvan_SkyTests.swift */ = {isa = PBXFileReference; lastKnownFileType = sourcecode.swift; path = Istvan_SkyTests.swift; sourceTree = "<group>"; };
		B8C6DD10FB1CCA96FA88A039 /* DateUtils.swift */ = {isa = PBXFileReference; lastKnownFileType = sourcecode.swift; path = DateUtils.swift; sourceTree = "<group>"; };
		B8D5BB090C87972B9B45A093 /* TourEventTableViewCell.xib */ = {isa = PBXFileReference; lastKnownFileType = file.xib; path = TourEventTableViewCell.xib; sourceTree = "<group>"; };
		B8E0D0D0DB586A6256F3484E /* AshramBlogViewController.swift */ = {isa = PBXFileReference; lastKnownFileType = sourcecode.swift; path = AshramBlogViewController.swift; sourceTree = "<group>"; };
		BBD17B476E7DB3B343DDC7A3 /* HealingMusicPresenter.swift */ = {isa = PBXFileReference; lastKnownFileType = sourcecode.swift; path = HealingMusicPresenter.swift; sourceTree = "<group>"; };
		BD0B8C4FC3523964D1E03DDE /* DonatePresenter.swift */ = {isa = PBXFileReference; lastKnownFileType = sourcecode.swift; path = DonatePresenter.swift; sourceTree = "<group>"; };
		C215BD9D4BD56AD7284DF5BE /* FLCollectionViewDataSource.swift */ = {isa = PBXFileReference; lastKnownFileType = sourcecode.swift; path = FLCollectionViewDataSource.swift; sourceTree = "<group>"; };
		C665FA546B741FC7497121ED /* BasicItemType.swift */ = {isa = PBXFileReference; lastKnownFileType = sourcecode.swift; path = BasicItemType.swift; sourceTree = "<group>"; };
		CA586444B8F7A17E6C5D631B /* HomeInteractor.swift */ = {isa = PBXFileReference; lastKnownFileType = sourcecode.swift; path = HomeInteractor.swift; sourceTree = "<group>"; };
		CC79DB44EF6132898A4E327E /* HomePresenter.swift */ = {isa = PBXFileReference; lastKnownFileType = sourcecode.swift; path = HomePresenter.swift; sourceTree = "<group>"; };
		CE0D11679242221648F09563 /* MorePresenter.swift */ = {isa = PBXFileReference; lastKnownFileType = sourcecode.swift; path = MorePresenter.swift; sourceTree = "<group>"; };
		CE515E40534BEED4B18E6F0C /* libPods-NSE.a */ = {isa = PBXFileReference; explicitFileType = archive.ar; includeInIndex = 0; path = "libPods-NSE.a"; sourceTree = BUILT_PRODUCTS_DIR; };
		CE5460E08BB2C9E3DB73A51A /* DonateViewController.xib */ = {isa = PBXFileReference; lastKnownFileType = file.xib; path = DonateViewController.xib; sourceTree = "<group>"; };
		D53566E7780A3B6C651F3E91 /* FLTableViewDataSource.swift */ = {isa = PBXFileReference; lastKnownFileType = sourcecode.swift; path = FLTableViewDataSource.swift; sourceTree = "<group>"; };
		D75D93BFFCFC30319710ABAB /* Istvan Sky.entitlements */ = {isa = PBXFileReference; lastKnownFileType = text.plist.entitlements; path = "Istvan Sky.entitlements"; sourceTree = "<group>"; };
		D9BC9F6CE14C006E250B2BEC /* FLTableViewCell.xib */ = {isa = PBXFileReference; lastKnownFileType = file.xib; path = FLTableViewCell.xib; sourceTree = "<group>"; };
		DBEA30ED51C4562E4ABBE4E2 /* HealingMusicViewController.swift */ = {isa = PBXFileReference; lastKnownFileType = sourcecode.swift; path = HealingMusicViewController.swift; sourceTree = "<group>"; };
		DCF38971A582C5DF85819BD0 /* MainMenuInteractor.swift */ = {isa = PBXFileReference; lastKnownFileType = sourcecode.swift; path = MainMenuInteractor.swift; sourceTree = "<group>"; };
		DD81A3FFDA4B0936EC44A533 /* Istvan_SkyUITests.swift */ = {isa = PBXFileReference; lastKnownFileType = sourcecode.swift; path = Istvan_SkyUITests.swift; sourceTree = "<group>"; };
		E406B05F69CA294BE068A199 /* StringUtils.swift */ = {isa = PBXFileReference; lastKnownFileType = sourcecode.swift; path = StringUtils.swift; sourceTree = "<group>"; };
		E8E4509E5992ADB1B8601411 /* HTMLFileViewController.swift */ = {isa = PBXFileReference; lastKnownFileType = sourcecode.swift; path = HTMLFileViewController.swift; sourceTree = "<group>"; };
		E9128A8D1DE88E4BB490453D /* FLTableViewDelegate.swift */ = {isa = PBXFileReference; lastKnownFileType = sourcecode.swift; path = FLTableViewDelegate.swift; sourceTree = "<group>"; };
		ED7C78A51797C4B5002C975F /* HomeViewController.xib */ = {isa = PBXFileReference; lastKnownFileType = file.xib; path = HomeViewController.xib; sourceTree = "<group>"; };
		EDC428916CFA482DE3C52F38 /* TourEventsViewController.swift */ = {isa = PBXFileReference; lastKnownFileType = sourcecode.swift; path = TourEventsViewController.swift; sourceTree = "<group>"; };
		EE072CAFBB4ABA8107702149 /* Pods-NSE.release.xcconfig */ = {isa = PBXFileReference; includeInIndex = 1; lastKnownFileType = text.xcconfig; name = "Pods-NSE.release.xcconfig"; path = "Target Support Files/Pods-NSE/Pods-NSE.release.xcconfig"; sourceTree = "<group>"; };
		EF01FFD31FD9DBB7F5A808E0 /* AshramPresenter.swift */ = {isa = PBXFileReference; lastKnownFileType = sourcecode.swift; path = AshramPresenter.swift; sourceTree = "<group>"; };
		F203DD984F46684CA27C0DA2 /* TourEventsViewController.xib */ = {isa = PBXFileReference; lastKnownFileType = file.xib; path = TourEventsViewController.xib; sourceTree = "<group>"; };
		F206BE0C91838E9CFFBD898D /* HealingMusicBuilder.swift */ = {isa = PBXFileReference; lastKnownFileType = sourcecode.swift; path = HealingMusicBuilder.swift; sourceTree = "<group>"; };
		F27CB6E2B15055A5699C04F7 /* SnapshotHelper.swift */ = {isa = PBXFileReference; lastKnownFileType = sourcecode.swift; path = SnapshotHelper.swift; sourceTree = "<group>"; };
		F4A12EFB00860F61BAA3DE82 /* MoreInteractor.swift */ = {isa = PBXFileReference; lastKnownFileType = sourcecode.swift; path = MoreInteractor.swift; sourceTree = "<group>"; };
		F78B0E15AAD8FBA5685D832C /* TourEventTableViewCell.swift */ = {isa = PBXFileReference; lastKnownFileType = sourcecode.swift; path = TourEventTableViewCell.swift; sourceTree = "<group>"; };
		FA19EBF7C945F904E62483D9 /* LocalizedValue.swift */ = {isa = PBXFileReference; lastKnownFileType = sourcecode.swift; path = LocalizedValue.swift; sourceTree = "<group>"; };
		FBCD0076DC149B22C61988F4 /* Pods-Istvan Sky.debug.xcconfig */ = {isa = PBXFileReference; includeInIndex = 1; lastKnownFileType = text.xcconfig; name = "Pods-Istvan Sky.debug.xcconfig"; path = "Target Support Files/Pods-Istvan Sky/Pods-Istvan Sky.debug.xcconfig"; sourceTree = "<group>"; };
		FDAE36760D23EEA94D4DD5E6 /* TourEventsRouter.swift */ = {isa = PBXFileReference; lastKnownFileType = sourcecode.swift; path = TourEventsRouter.swift; sourceTree = "<group>"; };
		FE75F8F8F97F3DB1C675BEA1 /* HealingMusicRouter.swift */ = {isa = PBXFileReference; lastKnownFileType = sourcecode.swift; path = HealingMusicRouter.swift; sourceTree = "<group>"; };
		FF362549CC2485933E54A8F2 /* Info.plist */ = {isa = PBXFileReference; lastKnownFileType = text.plist; path = Info.plist; sourceTree = "<group>"; };
/* End PBXFileReference section */

/* Begin PBXFrameworksBuildPhase section */
		666AC009BA5085FC9C1CDE1E /* Frameworks */ = {
			isa = PBXFrameworksBuildPhase;
			buildActionMask = 2147483647;
			files = (
			);
			runOnlyForDeploymentPostprocessing = 0;
		};
		7191B44CAAE1E61990B7DF01 /* Frameworks */ = {
			isa = PBXFrameworksBuildPhase;
			buildActionMask = 2147483647;
			files = (
			);
			runOnlyForDeploymentPostprocessing = 0;
		};
		A88CE6288B9A2BFA0F40FCE5 /* Frameworks */ = {
			isa = PBXFrameworksBuildPhase;
			buildActionMask = 2147483647;
			files = (
				7F0C958EDA40F85339BF7D22 /* libPods-NSE.a in Frameworks */,
			);
			runOnlyForDeploymentPostprocessing = 0;
		};
		CE8DB753D2A75C1EEEA13952 /* Frameworks */ = {
			isa = PBXFrameworksBuildPhase;
			buildActionMask = 2147483647;
			files = (
				B0F45C2F8B5D3C6F43DE9222 /* libPods-Istvan Sky.a in Frameworks */,
			);
			runOnlyForDeploymentPostprocessing = 0;
		};
/* End PBXFrameworksBuildPhase section */

/* Begin PBXGroup section */
		02BBE6BC3D20A0F3FD7F83F2 /* View */ = {
			isa = PBXGroup;
			children = (
				DBEA30ED51C4562E4ABBE4E2 /* HealingMusicViewController.swift */,
				3E0E3825D5BDB753F4572AE5 /* HealingMusicViewController.xib */,
				8F89458DBE985E41949B79EA /* MeditationDetailsViewController.swift */,
			);
			path = View;
			sourceTree = "<group>";
		};
		0AB8280853D12F7C2585ABF9 /* Models */ = {
			isa = PBXGroup;
			children = (
				4B60EB73F513A1202DF4B1CA /* BasicItem.swift */,
				C665FA546B741FC7497121ED /* BasicItemType.swift */,
				FA19EBF7C945F904E62483D9 /* LocalizedValue.swift */,
			);
			path = Models;
			sourceTree = "<group>";
		};
		0E8DB11DDB297052A2BF7F20 /* View */ = {
			isa = PBXGroup;
			children = (
				9D8ECE134D8181D1E7CD5C48 /* MoreTableViewDataSource.swift */,
				06347B3EBE635361B36FB173 /* MoreTableViewDelegate.swift */,
				27A8890A08D75F0DF9202E2F /* MoreViewController.swift */,
				9360734D9DEB1835D5FE9114 /* MoreViewController.xib */,
			);
			path = View;
			sourceTree = "<group>";
		};
		0ED65B06CE65A0F0A7C78E5A /* Presenter */ = {
			isa = PBXGroup;
			children = (
				CC79DB44EF6132898A4E327E /* HomePresenter.swift */,
			);
			path = Presenter;
			sourceTree = "<group>";
		};
		10D0754BB525462820ACC477 /* ViewControllers */ = {
			isa = PBXGroup;
			children = (
				AF6AC6448E2F1280AD8F8F20 /* BaseViewController.swift */,
				0ACCD9008622A0ADCD25867D /* EntryViewController.swift */,
				A5C178E898136FE5B0D8E85A /* ExtendedSFSafariViewController.swift */,
				288909BF8EB915C3FF096037 /* ExtendedUINavigationController.swift */,
				E8E4509E5992ADB1B8601411 /* HTMLFileViewController.swift */,
				4EFF71BC1B6C647F7CF83318 /* IstvanSkyPlayerViewController.swift */,
				6DDE3C53A6135297546725D4 /* ItemDetailsViewController.swift */,
			);
			path = ViewControllers;
			sourceTree = "<group>";
		};
		133C2006D38D066E1E7A6BF4 /* Core */ = {
			isa = PBXGroup;
			children = (
				95051377C05375F6FBF9200C /* Interactor */,
				F25A4121A8D51CCA7ECADFC2 /* Presenter */,
				332457DC6EB949F1150CBC37 /* Router */,
				AEA1ADF060AD600ACDC4EB26 /* View */,
			);
			path = Core;
			sourceTree = "<group>";
		};
		17F539F8092AF07A4CF13D61 /* Presenter */ = {
			isa = PBXGroup;
			children = (
				CE0D11679242221648F09563 /* MorePresenter.swift */,
			);
			path = Presenter;
			sourceTree = "<group>";
		};
		1E62B544FBFD8810310D2432 /* Router */ = {
			isa = PBXGroup;
			children = (
				79545599ACF2FE54973F7B9A /* DonateRouter.swift */,
			);
			path = Router;
			sourceTree = "<group>";
		};
		1EE2331500174A0709F8AB8E /* Services */ = {
			isa = PBXGroup;
			children = (
				249D8D390B87E8CCD9EBE256 /* ServicesContainer.swift */,
				7EB69E7C3E67D4DBB6B20F17 /* ContentService */,
				0AB8280853D12F7C2585ABF9 /* Models */,
			);
			path = Services;
			sourceTree = "<group>";
		};
		1FBC86F04A432F0637212DF0 /* Core */ = {
			isa = PBXGroup;
			children = (
				E2BFBDFBEE33C30B0A67ED63 /* Interactor */,
				E0E5CB6CCF10664EC559818E /* Presenter */,
				77981CA2FBC158E3CB9756A2 /* Router */,
				B75D36E6F9DD423DFEAE1BB9 /* View */,
			);
			path = Core;
			sourceTree = "<group>";
		};
		284F1236010D0EB778397772 /* Interactor */ = {
			isa = PBXGroup;
			children = (
				8F13A8239A644EB820D07946 /* DonateInteractor.swift */,
			);
			path = Interactor;
			sourceTree = "<group>";
		};
		2AAC3ABCEA8FD3B2BFAA56C0 /* Utils */ = {
			isa = PBXGroup;
			children = (
				9DB82795FFA6C4237D5FBEC4 /* CachingPlayerItem.swift */,
			);
			path = Utils;
			sourceTree = "<group>";
		};
		2B385978629E393D61B28493 /* View */ = {
			isa = PBXGroup;
			children = (
				1338CD1690063784317D6CF6 /* AboutIstvanViewController.swift */,
				6664AA859FD0F73C16F8DCBF /* FeedItemDetailsViewController.swift */,
				32DF0A564E50965354FD24E6 /* HomeViewController.swift */,
				ED7C78A51797C4B5002C975F /* HomeViewController.xib */,
			);
			path = View;
			sourceTree = "<group>";
		};
		332457DC6EB949F1150CBC37 /* Router */ = {
			isa = PBXGroup;
			children = (
				594B1A8A585B3187FC5439B2 /* MainMenuRouter.swift */,
			);
			path = Router;
			sourceTree = "<group>";
		};
		33F02154DDDE25FEF7EAC5BA /* Interactor */ = {
			isa = PBXGroup;
			children = (
				03777488B2DAF60542AB619F /* HealingMusicInteractor.swift */,
			);
			path = Interactor;
			sourceTree = "<group>";
		};
		3908FDC6CAE82EA2F29C60CC /* Components */ = {
			isa = PBXGroup;
			children = (
				ADAB7E1188D6E26B5B429902 /* FlexibleListParts */,
				F1D45DBCCCADCB2BC51DB8C4 /* GestureRecognizers */,
				2AAC3ABCEA8FD3B2BFAA56C0 /* Utils */,
				10D0754BB525462820ACC477 /* ViewControllers */,
			);
			path = Components;
			sourceTree = "<group>";
		};
		3955F6DC699133B00BBAB287 /* More */ = {
			isa = PBXGroup;
			children = (
				7DA06D5FC1BCAE2D41541E4C /* MoreBuilder.swift */,
				DC2F135C381C6FFF318FA1C2 /* Core */,
			);
			path = More;
			sourceTree = "<group>";
		};
		3D2392BEBD6F3F49414A3D48 /* HealingMusic */ = {
			isa = PBXGroup;
			children = (
				F206BE0C91838E9CFFBD898D /* HealingMusicBuilder.swift */,
				B1F62174654F6B54CD0A50A4 /* Core */,
			);
			path = HealingMusic;
			sourceTree = "<group>";
		};
		3D7B2B2E3BE8B860C8FB39D5 /* Presenter */ = {
			isa = PBXGroup;
			children = (
				BD0B8C4FC3523964D1E03DDE /* DonatePresenter.swift */,
			);
			path = Presenter;
			sourceTree = "<group>";
		};
		43042C5EDA5546DBCDB4EA5B /* Donate */ = {
			isa = PBXGroup;
			children = (
				435D2C49CBD02E7B8C1032D4 /* DonateBuilder.swift */,
				938CFFB18D54C609DF6F3C67 /* Core */,
			);
			path = Donate;
			sourceTree = "<group>";
		};
		4B8DE905FA18DE41222A36A8 /* Interactor */ = {
			isa = PBXGroup;
			children = (
				CA586444B8F7A17E6C5D631B /* HomeInteractor.swift */,
			);
			path = Interactor;
			sourceTree = "<group>";
		};
		4BA16BC7575828C2428D134B /* Istvan SkyUITests */ = {
			isa = PBXGroup;
			children = (
				B2325567C77FA74007D722AD /* Info.plist */,
				DD81A3FFDA4B0936EC44A533 /* Istvan_SkyUITests.swift */,
				F27CB6E2B15055A5699C04F7 /* SnapshotHelper.swift */,
			);
			path = "Istvan SkyUITests";
			sourceTree = "<group>";
		};
		4E0354E9195A1DB63628FFA9 /* Ashram */ = {
			isa = PBXGroup;
			children = (
				B0931F719419CACBCCA7BF3E /* AshramBuilder.swift */,
				1FBC86F04A432F0637212DF0 /* Core */,
			);
			path = Ashram;
			sourceTree = "<group>";
		};
		56E29D59EFF0E6602F3927F5 /* Pods */ = {
			isa = PBXGroup;
			children = (
				FBCD0076DC149B22C61988F4 /* Pods-Istvan Sky.debug.xcconfig */,
				3534BCBCD787D3FAF7127C66 /* Pods-Istvan Sky.release.xcconfig */,
				16734163A653A1A8F2A2422F /* Pods-NSE.debug.xcconfig */,
				EE072CAFBB4ABA8107702149 /* Pods-NSE.release.xcconfig */,
			);
			name = Pods;
			path = Pods;
			sourceTree = "<group>";
		};
		60958717E833B3194CE6A861 /* View */ = {
			isa = PBXGroup;
			children = (
				33DB01D28CCB9846908F6F77 /* TourEventsDataSource.swift */,
				5B5D730BC1F1FF856F47551E /* TourEventsDelegate.swift */,
				EDC428916CFA482DE3C52F38 /* TourEventsViewController.swift */,
				F203DD984F46684CA27C0DA2 /* TourEventsViewController.xib */,
				F78B0E15AAD8FBA5685D832C /* TourEventTableViewCell.swift */,
				B8D5BB090C87972B9B45A093 /* TourEventTableViewCell.xib */,
			);
			path = View;
			sourceTree = "<group>";
		};
		6F37B965392330664D0F3809 /* Products */ = {
			isa = PBXGroup;
			children = (
				9A38FEE5EE05B5C322EA8D17 /* Istvan Sky.app */,
				92C7436445E6B411A174B5F2 /* Istvan SkyTests.xctest */,
				6E831C13898188493A158F42 /* Istvan SkyUITests.xctest */,
				715253CF7C8DB4D181EECA7B /* NSE.appex */,
			);
			name = Products;
			sourceTree = "<group>";
		};
		6FF2C4E651C76307CF867A6E /* Router */ = {
			isa = PBXGroup;
			children = (
				FDAE36760D23EEA94D4DD5E6 /* TourEventsRouter.swift */,
			);
			path = Router;
			sourceTree = "<group>";
		};
		73EE8AF768AF34E40E941326 /* Interactor */ = {
			isa = PBXGroup;
			children = (
				4F278610DA194576908B10EB /* TourEventsInteractor.swift */,
			);
			path = Interactor;
			sourceTree = "<group>";
		};
		77981CA2FBC158E3CB9756A2 /* Router */ = {
			isa = PBXGroup;
			children = (
				335465717BA9FCD95B253B3A /* AshramRouter.swift */,
			);
			path = Router;
			sourceTree = "<group>";
		};
		7A6D9A19910ED3EEFBBC4932 /* Core */ = {
			isa = PBXGroup;
			children = (
				73EE8AF768AF34E40E941326 /* Interactor */,
				C7566A64712D765D7F95C24F /* Presenter */,
				6FF2C4E651C76307CF867A6E /* Router */,
				60958717E833B3194CE6A861 /* View */,
			);
			path = Core;
			sourceTree = "<group>";
		};
		7AD6750C5C512B6FD2CD6F3A /* Router */ = {
			isa = PBXGroup;
			children = (
				495D81A1BB365A9196666B83 /* MoreRouter.swift */,
			);
			path = Router;
			sourceTree = "<group>";
		};
		7C9AAED29BE74E085112F512 /* Modules */ = {
			isa = PBXGroup;
			children = (
				4E0354E9195A1DB63628FFA9 /* Ashram */,
				43042C5EDA5546DBCDB4EA5B /* Donate */,
				3D2392BEBD6F3F49414A3D48 /* HealingMusic */,
				F070679AB2D18509BECBB909 /* Home */,
				AFB9225188D54BA84C8BC56A /* MainMenu */,
				3955F6DC699133B00BBAB287 /* More */,
				A627547E8147D8D572A7DF0E /* TourEvents */,
			);
			path = Modules;
			sourceTree = "<group>";
		};
		7EB69E7C3E67D4DBB6B20F17 /* ContentService */ = {
			isa = PBXGroup;
			children = (
				68BFABEE0C854EB6F0B0C9F1 /* ContentService.swift */,
			);
			path = ContentService;
			sourceTree = "<group>";
		};
		8324E0643086C795D4F23047 /* View */ = {
			isa = PBXGroup;
			children = (
				AE4B5E9CC93BA6C3E755C15D /* DonateViewController.swift */,
				CE5460E08BB2C9E3DB73A51A /* DonateViewController.xib */,
			);
			path = View;
			sourceTree = "<group>";
		};
		8840E12769060B7DCEB6CACE /* Router */ = {
			isa = PBXGroup;
			children = (
				9B25B1D10F521CC5D836B838 /* HomeRouter.swift */,
			);
			path = Router;
			sourceTree = "<group>";
		};
		8CF1D3193FC443018542D3C9 /* appdata */ = {
			isa = PBXGroup;
			children = (
				9E60BC29F8DA6D78B066E186 /* appdata.json */,
				A2A75AF52127DABBD5079290 /* en */,
			);
			path = appdata;
			sourceTree = "<group>";
		};
		938CFFB18D54C609DF6F3C67 /* Core */ = {
			isa = PBXGroup;
			children = (
				284F1236010D0EB778397772 /* Interactor */,
				3D7B2B2E3BE8B860C8FB39D5 /* Presenter */,
				1E62B544FBFD8810310D2432 /* Router */,
				8324E0643086C795D4F23047 /* View */,
			);
			path = Core;
			sourceTree = "<group>";
		};
		95051377C05375F6FBF9200C /* Interactor */ = {
			isa = PBXGroup;
			children = (
				DCF38971A582C5DF85819BD0 /* MainMenuInteractor.swift */,
			);
			path = Interactor;
			sourceTree = "<group>";
		};
		968B0110F1BFC293ECE2823F /* Sources */ = {
			isa = PBXGroup;
			children = (
				26C86E22E548FB8C69D5B9E4 /* AppDelegate.swift */,
				D0FC19FEFE4D922C27B1C95B /* Common */,
				7C9AAED29BE74E085112F512 /* Modules */,
				1EE2331500174A0709F8AB8E /* Services */,
			);
			path = Sources;
			sourceTree = "<group>";
		};
		9CBD4845EB755B675CA91F79 /* Extensions */ = {
			isa = PBXGroup;
			children = (
				3FA0B76EF231FAE129D5AA09 /* BasicItemUtils.swift */,
				661724111E7A0D23E18A9B09 /* BundleUtils.swift */,
				65620D130DC43B20FDC1AD33 /* DataUtils.swift */,
				7F6B5CC84C9BA1237D9D0D89 /* DateFormatterUtils.swift */,
				B8C6DD10FB1CCA96FA88A039 /* DateUtils.swift */,
				8B76C888AF4FE0B24ED8C7A9 /* FileManagerUtils.swift */,
				2343E6E88558F5148C3E7E31 /* NSLocaleUtils.swift */,
				E406B05F69CA294BE068A199 /* StringUtils.swift */,
				7CE01B9F2DA7834DE3554B69 /* TimeZoneUtils.swift */,
				9119174597301915993C371F /* UIButtonUtils.swift */,
				4AFB674A55109C54E448E52A /* UIColorUtils.swift */,
				05C9F42857B51037F664CBE2 /* UIImageViewUtils.swift */,
				212E3F2BD78A8093DED7E1E7 /* UIView.swift */,
			);
			path = Extensions;
			sourceTree = "<group>";
		};
		A2A75AF52127DABBD5079290 /* en */ = {
			isa = PBXGroup;
			children = (
				8929E5109CB0ECEEB9DEBC9A /* aknowledgements.html */,
				57A2C4151ADFAA5BF7AEAAA7 /* privacy_policy.html */,
				7797401234485C5B1B00F49C /* terms_and_conditions.html */,
			);
			path = en;
			sourceTree = "<group>";
		};
		A60B7EAD64B18D879A83924C /* Resources */ = {
			isa = PBXGroup;
			children = (
				272CCA2D0137E035EF05B83F /* Assets.xcassets */,
				B1745D97E8C3B74AF37D9FDF /* GoogleService-Info.plist */,
				6B0C81BAB5147826E87951FD /* LaunchScreen.storyboard */,
				4F7D6DCE2633BB06C5677D40 /* Main.storyboard */,
				8CF1D3193FC443018542D3C9 /* appdata */,
			);
			path = Resources;
			sourceTree = "<group>";
		};
		A627547E8147D8D572A7DF0E /* TourEvents */ = {
			isa = PBXGroup;
			children = (
				585EE2E332CBCB597CFCFB0A /* TourEventsBuilder.swift */,
				7A6D9A19910ED3EEFBBC4932 /* Core */,
			);
			path = TourEvents;
			sourceTree = "<group>";
		};
		A7FBAE739B222A0C0BEE3018 /* Core */ = {
			isa = PBXGroup;
			children = (
				4B8DE905FA18DE41222A36A8 /* Interactor */,
				0ED65B06CE65A0F0A7C78E5A /* Presenter */,
				8840E12769060B7DCEB6CACE /* Router */,
				2B385978629E393D61B28493 /* View */,
			);
			path = Core;
			sourceTree = "<group>";
		};
		ADAB7E1188D6E26B5B429902 /* FlexibleListParts */ = {
			isa = PBXGroup;
			children = (
				359E5F10ACA612781046FBC3 /* FLBasicItemCollectionViewCell.swift */,
				995B0BB70ABD6EF0FA867C2A /* FLBasicItemCollectionViewCell.xib */,
				C215BD9D4BD56AD7284DF5BE /* FLCollectionViewDataSource.swift */,
				74828BD0DF514B1CDAD6D2A3 /* FLCollectionViewDelegate.swift */,
				A91D13AF1A4E6F0C439F2206 /* FLCollectionViewTableViewCell.swift */,
				3134ECCBB63269375BE72F97 /* FLCollectionViewTableViewCell.xib */,
				AEFE1745F8D4C6CB729DC930 /* FLMediaTableViewCell.swift */,
				2714A8AFE0361C35AD985531 /* FLMediaTableViewCell.xib */,
				903C6212894406C9BAB26B79 /* FLTableViewCell.swift */,
				D9BC9F6CE14C006E250B2BEC /* FLTableViewCell.xib */,
				D53566E7780A3B6C651F3E91 /* FLTableViewDataSource.swift */,
				E9128A8D1DE88E4BB490453D /* FLTableViewDelegate.swift */,
				A10D9AB8A2ABA6ACF2189E4C /* FLViewModel.swift */,
				A6611FC8CB893C0AB08912EC /* FRProxyDataPresenter.swift */,
			);
			path = FlexibleListParts;
			sourceTree = "<group>";
		};
		AEA1ADF060AD600ACDC4EB26 /* View */ = {
			isa = PBXGroup;
			children = (
				59C214519FB6552468562DF8 /* MainMenuViewController.swift */,
			);
			path = View;
			sourceTree = "<group>";
		};
		AFB9225188D54BA84C8BC56A /* MainMenu */ = {
			isa = PBXGroup;
			children = (
				614B8829D39FE87B0DCB798C /* MainMenuBuilder.swift */,
				133C2006D38D066E1E7A6BF4 /* Core */,
			);
			path = MainMenu;
			sourceTree = "<group>";
		};
		B02239D00E0CEF74B3D0B561 /* Frameworks */ = {
			isa = PBXGroup;
			children = (
				9DEC30B758CC3C42BB582DF7 /* libPods-Istvan Sky.a */,
				CE515E40534BEED4B18E6F0C /* libPods-NSE.a */,
			);
			name = Frameworks;
			sourceTree = "<group>";
		};
		B1F62174654F6B54CD0A50A4 /* Core */ = {
			isa = PBXGroup;
			children = (
				33F02154DDDE25FEF7EAC5BA /* Interactor */,
				C05D67FF28A1555926EBC44E /* Presenter */,
				F709AD3FBB9B4C3A19F84B32 /* Router */,
				02BBE6BC3D20A0F3FD7F83F2 /* View */,
			);
			path = Core;
			sourceTree = "<group>";
		};
		B75D36E6F9DD423DFEAE1BB9 /* View */ = {
			isa = PBXGroup;
			children = (
				AC0676F496DF95357A4AA13E /* AshramBlogHeaderView.swift */,
				114D96343D76BF3D0D94C1DF /* AshramBlogItemDetailsViewController.swift */,
				40CA18C995A05B3652EEAF87 /* AshramBlogItemTableViewCell.swift */,
				A07696CF05F1058E3CAF08C5 /* AshramBlogItemTableViewCell.xib */,
				B8E0D0D0DB586A6256F3484E /* AshramBlogViewController.swift */,
				40F4A13B582E6687382C21CC /* AshramBlogViewController.xib */,
				34E5B7C4CB670A8F7A22128E /* AshramBlogViewDataSource.swift */,
				1173EDFD829472C6AA479210 /* AshramBlogViewDelegate.swift */,
			);
			path = View;
			sourceTree = "<group>";
		};
		C05D67FF28A1555926EBC44E /* Presenter */ = {
			isa = PBXGroup;
			children = (
				BBD17B476E7DB3B343DDC7A3 /* HealingMusicPresenter.swift */,
			);
			path = Presenter;
			sourceTree = "<group>";
		};
		C52B3BF0258831B73579A705 /* Istvan Sky */ = {
			isa = PBXGroup;
			children = (
				5E8DB16563472F3B8C398D89 /* Info.plist */,
				D75D93BFFCFC30319710ABAB /* Istvan Sky.entitlements */,
				A60B7EAD64B18D879A83924C /* Resources */,
				968B0110F1BFC293ECE2823F /* Sources */,
			);
			path = "Istvan Sky";
			sourceTree = "<group>";
		};
		C5E2B25224D0A08331200E50 /* Istvan SkyTests */ = {
			isa = PBXGroup;
			children = (
				0229206582B548B30258EA8B /* Info.plist */,
				B39A5BF9AEAB4BA100CB867F /* Istvan_SkyTests.swift */,
			);
			path = "Istvan SkyTests";
			sourceTree = "<group>";
		};
		C7566A64712D765D7F95C24F /* Presenter */ = {
			isa = PBXGroup;
			children = (
				65FC1FDF13BB368556528775 /* TourEventsPresenter.swift */,
			);
			path = Presenter;
			sourceTree = "<group>";
		};
		CA766F65F3F56F948561F650 = {
			isa = PBXGroup;
			children = (
				AAFE47A4D6C8031F7908C126 /* appdata */,
				C52B3BF0258831B73579A705 /* Istvan Sky */,
				C5E2B25224D0A08331200E50 /* Istvan SkyTests */,
				4BA16BC7575828C2428D134B /* Istvan SkyUITests */,
				FF5985692E105641602E6B23 /* NSE */,
				6F37B965392330664D0F3809 /* Products */,
				56E29D59EFF0E6602F3927F5 /* Pods */,
				B02239D00E0CEF74B3D0B561 /* Frameworks */,
			);
			sourceTree = "<group>";
		};
		D0FC19FEFE4D922C27B1C95B /* Common */ = {
			isa = PBXGroup;
			children = (
				3908FDC6CAE82EA2F29C60CC /* Components */,
				9CBD4845EB755B675CA91F79 /* Extensions */,
			);
			path = Common;
			sourceTree = "<group>";
		};
		DC2F135C381C6FFF318FA1C2 /* Core */ = {
			isa = PBXGroup;
			children = (
				F4CEBA116DD7509FDF28CA4F /* Interactor */,
				17F539F8092AF07A4CF13D61 /* Presenter */,
				7AD6750C5C512B6FD2CD6F3A /* Router */,
				0E8DB11DDB297052A2BF7F20 /* View */,
			);
			path = Core;
			sourceTree = "<group>";
		};
		E0E5CB6CCF10664EC559818E /* Presenter */ = {
			isa = PBXGroup;
			children = (
				EF01FFD31FD9DBB7F5A808E0 /* AshramPresenter.swift */,
			);
			path = Presenter;
			sourceTree = "<group>";
		};
		E2BFBDFBEE33C30B0A67ED63 /* Interactor */ = {
			isa = PBXGroup;
			children = (
				458A44F81AC2195B06917549 /* AshramInteractor.swift */,
			);
			path = Interactor;
			sourceTree = "<group>";
		};
		F070679AB2D18509BECBB909 /* Home */ = {
			isa = PBXGroup;
			children = (
				1FE83EAE0CF4F6708051320A /* HomeBuilder.swift */,
				A7FBAE739B222A0C0BEE3018 /* Core */,
			);
			path = Home;
			sourceTree = "<group>";
		};
		F1D45DBCCCADCB2BC51DB8C4 /* GestureRecognizers */ = {
			isa = PBXGroup;
			children = (
				6D9B90FF2A9A1A63643363C0 /* InteractivePopRecognizer.swift */,
			);
			path = GestureRecognizers;
			sourceTree = "<group>";
		};
		F25A4121A8D51CCA7ECADFC2 /* Presenter */ = {
			isa = PBXGroup;
			children = (
				7A128A31DB8463DB4398A276 /* MainMenuPresenter.swift */,
			);
			path = Presenter;
			sourceTree = "<group>";
		};
		F4CEBA116DD7509FDF28CA4F /* Interactor */ = {
			isa = PBXGroup;
			children = (
				F4A12EFB00860F61BAA3DE82 /* MoreInteractor.swift */,
			);
			path = Interactor;
			sourceTree = "<group>";
		};
		F709AD3FBB9B4C3A19F84B32 /* Router */ = {
			isa = PBXGroup;
			children = (
				FE75F8F8F97F3DB1C675BEA1 /* HealingMusicRouter.swift */,
			);
			path = Router;
			sourceTree = "<group>";
		};
		FF5985692E105641602E6B23 /* NSE */ = {
			isa = PBXGroup;
			children = (
				FF362549CC2485933E54A8F2 /* Info.plist */,
				06B9721277057335C9056966 /* NotificationService.swift */,
			);
			path = NSE;
			sourceTree = "<group>";
		};
/* End PBXGroup section */

/* Begin PBXNativeTarget section */
		C1B5DD487AA189D5AA7757C0 /* Istvan SkyUITests */ = {
			isa = PBXNativeTarget;
			buildConfigurationList = FCB5C91F00118E19ACE9EB96 /* Build configuration list for PBXNativeTarget "Istvan SkyUITests" */;
			buildPhases = (
				DD17F27260F3FEAC58C4D01D /* Sources */,
				7191B44CAAE1E61990B7DF01 /* Frameworks */,
			);
			buildRules = (
			);
			dependencies = (
				CDB7200FD2FC2DBEEC155E40 /* PBXTargetDependency */,
			);
			name = "Istvan SkyUITests";
			productName = "Istvan SkyUITests";
			productReference = 6E831C13898188493A158F42 /* Istvan SkyUITests.xctest */;
			productType = "com.apple.product-type.bundle.ui-testing";
		};
		D42AB6EA0ECCF4773BF172CC /* Istvan Sky */ = {
			isa = PBXNativeTarget;
			buildConfigurationList = F1D9988A858BE76EED51EC86 /* Build configuration list for PBXNativeTarget "Istvan Sky" */;
			buildPhases = (
				F3F17A36D9E0E1B6AC06D4C3 /* [CP] Check Pods Manifest.lock */,
				3DA662ACEBF1E3280843D071 /* Sources */,
				4DEB936E8DCB6D2F3F611F72 /* Resources */,
				1BE86E9A780436E28BB17A3F /* Embed App Extensions */,
				B8429615AFE02BF22B77D20B /* Upload dSYMs to FirebaseCrashlytics */,
				CE8DB753D2A75C1EEEA13952 /* Frameworks */,
				9A89025044D838F6B7EACEB8 /* [CP] Copy Pods Resources */,
			);
			buildRules = (
			);
			dependencies = (
				6E2E8D6C5E22F93430A3B3A6 /* PBXTargetDependency */,
			);
			name = "Istvan Sky";
			productName = "Istvan Sky";
			productReference = 9A38FEE5EE05B5C322EA8D17 /* Istvan Sky.app */;
			productType = "com.apple.product-type.application";
		};
		E6C8FE5E452BF826E1CC3E09 /* NSE */ = {
			isa = PBXNativeTarget;
			buildConfigurationList = C73328823D2132A57535F512 /* Build configuration list for PBXNativeTarget "NSE" */;
			buildPhases = (
				0675F3BBFA8E87A305A1F3D0 /* [CP] Check Pods Manifest.lock */,
				98099E3D12A8962AE31CD7C9 /* Sources */,
				A88CE6288B9A2BFA0F40FCE5 /* Frameworks */,
			);
			buildRules = (
			);
			dependencies = (
			);
			name = NSE;
			productName = NSE;
			productReference = 715253CF7C8DB4D181EECA7B /* NSE.appex */;
			productType = "com.apple.product-type.app-extension";
		};
		F50DA06163DD5F3F96CA2412 /* Istvan SkyTests */ = {
			isa = PBXNativeTarget;
			buildConfigurationList = 09ECC4E4371A3909D4C34C86 /* Build configuration list for PBXNativeTarget "Istvan SkyTests" */;
			buildPhases = (
				953388AEEADA92EF125E059B /* Sources */,
				666AC009BA5085FC9C1CDE1E /* Frameworks */,
			);
			buildRules = (
			);
			dependencies = (
				2075E4498F5C9607C85A47BB /* PBXTargetDependency */,
			);
			name = "Istvan SkyTests";
			productName = "Istvan SkyTests";
			productReference = 92C7436445E6B411A174B5F2 /* Istvan SkyTests.xctest */;
			productType = "com.apple.product-type.bundle.unit-test";
		};
/* End PBXNativeTarget section */

/* Begin PBXProject section */
		23C5FE5BFB943660B12DADF2 /* Project object */ = {
			isa = PBXProject;
			attributes = {
				LastUpgradeCheck = 1020;
				TargetAttributes = {
					C1B5DD487AA189D5AA7757C0 = {
						TestTargetID = D42AB6EA0ECCF4773BF172CC;
					};
				};
			};
			buildConfigurationList = 056ECE44F55BBFF7C3FF0DD5 /* Build configuration list for PBXProject "Istvan Sky" */;
			compatibilityVersion = "Xcode 10.0";
			developmentRegion = en;
			hasScannedForEncodings = 0;
			knownRegions = (
				Base,
			);
			mainGroup = CA766F65F3F56F948561F650;
			productRefGroup = 6F37B965392330664D0F3809 /* Products */;
			projectDirPath = "";
			projectRoot = "";
			targets = (
				D42AB6EA0ECCF4773BF172CC /* Istvan Sky */,
				F50DA06163DD5F3F96CA2412 /* Istvan SkyTests */,
				C1B5DD487AA189D5AA7757C0 /* Istvan SkyUITests */,
				E6C8FE5E452BF826E1CC3E09 /* NSE */,
			);
		};
/* End PBXProject section */

/* Begin PBXResourcesBuildPhase section */
		4DEB936E8DCB6D2F3F611F72 /* Resources */ = {
			isa = PBXResourcesBuildPhase;
			buildActionMask = 2147483647;
			files = (
				59E0DEE2CDD1A33DD8D6DD28 /* AshramBlogItemTableViewCell.xib in Resources */,
				9FEB2E2FE617E57BD95861B1 /* AshramBlogViewController.xib in Resources */,
				BC67986C43247ABEE821124C /* Assets.xcassets in Resources */,
				8D9636C4328AA7F076DAB03D /* DonateViewController.xib in Resources */,
				E778E27CE59BFBFA62340EAC /* FLBasicItemCollectionViewCell.xib in Resources */,
				39D75D78026A9370B384ADAF /* FLCollectionViewTableViewCell.xib in Resources */,
				159513A45748ACB54B29CB2A /* FLMediaTableViewCell.xib in Resources */,
				CCB13D34D136F36369059006 /* FLTableViewCell.xib in Resources */,
				8171B13116CBF35CC2288958 /* GoogleService-Info.plist in Resources */,
				1655CB65898DDA1D03AD1199 /* HealingMusicViewController.xib in Resources */,
				14F7646493A15C74EB15E9F5 /* HomeViewController.xib in Resources */,
				7A5F887296C5884EF46212EE /* LaunchScreen.storyboard in Resources */,
				38E00FC21D7A82D9E6CEC966 /* Main.storyboard in Resources */,
				5FA545820BE2898A3EA11A97 /* MoreViewController.xib in Resources */,
				93FE371D15D05948E77F41DF /* TourEventTableViewCell.xib in Resources */,
				A741BB8F95823A6A148BA1AF /* TourEventsViewController.xib in Resources */,
				E6468B2F88B7CE2DF77D71E8 /* aknowledgements.html in Resources */,
				01B70A5E550A449C127325DF /* appdata in Resources */,
				D5C740D086F2F1E98A53B460 /* appdata.json in Resources */,
				ED6C51AA9E9B641B65B38611 /* privacy_policy.html in Resources */,
				D8A2E8A936217B88989C7838 /* terms_and_conditions.html in Resources */,
			);
			runOnlyForDeploymentPostprocessing = 0;
		};
/* End PBXResourcesBuildPhase section */

/* Begin PBXShellScriptBuildPhase section */
		0675F3BBFA8E87A305A1F3D0 /* [CP] Check Pods Manifest.lock */ = {
			isa = PBXShellScriptBuildPhase;
			buildActionMask = 2147483647;
			files = (
			);
			inputFileListPaths = (
			);
			inputPaths = (
				"${PODS_PODFILE_DIR_PATH}/Podfile.lock",
				"${PODS_ROOT}/Manifest.lock",
			);
			name = "[CP] Check Pods Manifest.lock";
			outputFileListPaths = (
			);
			outputPaths = (
				"$(DERIVED_FILE_DIR)/Pods-NSE-checkManifestLockResult.txt",
			);
			runOnlyForDeploymentPostprocessing = 0;
			shellPath = /bin/sh;
			shellScript = "diff \"${PODS_PODFILE_DIR_PATH}/Podfile.lock\" \"${PODS_ROOT}/Manifest.lock\" > /dev/null\nif [ $? != 0 ] ; then\n    # print error to STDERR\n    echo \"error: The sandbox is not in sync with the Podfile.lock. Run 'pod install' or update your CocoaPods installation.\" >&2\n    exit 1\nfi\n# This output is used by Xcode 'outputs' to avoid re-running this script phase.\necho \"SUCCESS\" > \"${SCRIPT_OUTPUT_FILE_0}\"\n";
			showEnvVarsInLog = 0;
		};
		9A89025044D838F6B7EACEB8 /* [CP] Copy Pods Resources */ = {
			isa = PBXShellScriptBuildPhase;
			buildActionMask = 2147483647;
			files = (
			);
			inputFileListPaths = (
				"${PODS_ROOT}/Target Support Files/Pods-Istvan Sky/Pods-Istvan Sky-resources-${CONFIGURATION}-input-files.xcfilelist",
			);
			name = "[CP] Copy Pods Resources";
			outputFileListPaths = (
				"${PODS_ROOT}/Target Support Files/Pods-Istvan Sky/Pods-Istvan Sky-resources-${CONFIGURATION}-output-files.xcfilelist",
			);
			runOnlyForDeploymentPostprocessing = 0;
			shellPath = /bin/sh;
			shellScript = "\"${PODS_ROOT}/Target Support Files/Pods-Istvan Sky/Pods-Istvan Sky-resources.sh\"\n";
			showEnvVarsInLog = 0;
		};
		B8429615AFE02BF22B77D20B /* Upload dSYMs to FirebaseCrashlytics */ = {
			isa = PBXShellScriptBuildPhase;
			buildActionMask = 2147483647;
			files = (
			);
			inputFileListPaths = (
			);
			inputPaths = (
			);
			name = "Upload dSYMs to FirebaseCrashlytics";
			outputFileListPaths = (
			);
			outputPaths = (
			);
			runOnlyForDeploymentPostprocessing = 0;
			shellPath = /bin/sh;
			shellScript = "[[ \"${CONFIGURATION}\" == \"Debug\" ]] || find \"${DWARF_DSYM_FOLDER_PATH}\" -name \"*.dSYM\" | xargs -I {} \"${PODS_ROOT}/FirebaseCrashlytics/upload-symbols\" -d -gsp \"${PROJECT_DIR}/tenantConfig/resources/GoogleService-Info.plist\" -p ios \"${DWARF_DSYM_FOLDER_PATH}/${DWARF_DSYM_FILE_NAME}\" {}; exit 0\n";
		};
		F3F17A36D9E0E1B6AC06D4C3 /* [CP] Check Pods Manifest.lock */ = {
			isa = PBXShellScriptBuildPhase;
			buildActionMask = 2147483647;
			files = (
			);
			inputFileListPaths = (
			);
			inputPaths = (
				"${PODS_PODFILE_DIR_PATH}/Podfile.lock",
				"${PODS_ROOT}/Manifest.lock",
			);
			name = "[CP] Check Pods Manifest.lock";
			outputFileListPaths = (
			);
			outputPaths = (
				"$(DERIVED_FILE_DIR)/Pods-Istvan Sky-checkManifestLockResult.txt",
			);
			runOnlyForDeploymentPostprocessing = 0;
			shellPath = /bin/sh;
			shellScript = "diff \"${PODS_PODFILE_DIR_PATH}/Podfile.lock\" \"${PODS_ROOT}/Manifest.lock\" > /dev/null\nif [ $? != 0 ] ; then\n    # print error to STDERR\n    echo \"error: The sandbox is not in sync with the Podfile.lock. Run 'pod install' or update your CocoaPods installation.\" >&2\n    exit 1\nfi\n# This output is used by Xcode 'outputs' to avoid re-running this script phase.\necho \"SUCCESS\" > \"${SCRIPT_OUTPUT_FILE_0}\"\n";
			showEnvVarsInLog = 0;
		};
/* End PBXShellScriptBuildPhase section */

/* Begin PBXSourcesBuildPhase section */
		3DA662ACEBF1E3280843D071 /* Sources */ = {
			isa = PBXSourcesBuildPhase;
			buildActionMask = 2147483647;
			files = (
				733BF8B2DD3388C8EBABD9BE /* AboutIstvanViewController.swift in Sources */,
				FB2A2D66150ECF8E9FE95E64 /* AppDelegate.swift in Sources */,
				504D2864B8A9BEB8DFE9D50D /* AshramBlogHeaderView.swift in Sources */,
				23F5BB09972725A4DB338562 /* AshramBlogItemDetailsViewController.swift in Sources */,
				F02598887FECE94338763A60 /* AshramBlogItemTableViewCell.swift in Sources */,
				4545F40DF23234632FA6133D /* AshramBlogViewController.swift in Sources */,
				3BAE49C81856175A539910F9 /* AshramBlogViewDataSource.swift in Sources */,
				FE2F3104995A343284EBB422 /* AshramBlogViewDelegate.swift in Sources */,
				F045F084DAEF807C468DC278 /* AshramBuilder.swift in Sources */,
				238F2BB8E9C2A1E5BD38E537 /* AshramInteractor.swift in Sources */,
				4E9AC726F604AD28C70CC7BC /* AshramPresenter.swift in Sources */,
				408C414540966DCB973C7FF2 /* AshramRouter.swift in Sources */,
				1D4E26A64BF55837A3C1FD14 /* BaseViewController.swift in Sources */,
				07423B0280D7A12AED02F878 /* BasicItem.swift in Sources */,
				B6D41A6C6E7C23EDF8CA20AA /* BasicItemType.swift in Sources */,
				A404C60395B81171933E493E /* BasicItemUtils.swift in Sources */,
				94486773776AACD90BB684E3 /* BundleUtils.swift in Sources */,
				4FAC15124BE2DD6F51FB6DBE /* CachingPlayerItem.swift in Sources */,
				235B81F2ABB3D5BF68E9FC79 /* ContentService.swift in Sources */,
				78F3ED47A92294A7E37EF099 /* DataUtils.swift in Sources */,
				ED9CC27DDDE4F51BBE4B159D /* DateFormatterUtils.swift in Sources */,
				A702E5491ECDDD01B8AB8166 /* DateUtils.swift in Sources */,
				7F5DC71788D32128B279C620 /* DonateBuilder.swift in Sources */,
				9E64D9D0333278BE6B30776A /* DonateInteractor.swift in Sources */,
				8E76B1B21AA659FA529068C5 /* DonatePresenter.swift in Sources */,
				79950C4928D0B33FD699CCFA /* DonateRouter.swift in Sources */,
				8AC6E9833A79EEBBE4D35846 /* DonateViewController.swift in Sources */,
				EA744F29D61EC807C47FFB60 /* EntryViewController.swift in Sources */,
				9DDED2E446EC57DCBA11C980 /* ExtendedSFSafariViewController.swift in Sources */,
				4A6D28CCF47B7555F93636D1 /* ExtendedUINavigationController.swift in Sources */,
				56DED3CDCBF0C0A2D47F09FC /* FLBasicItemCollectionViewCell.swift in Sources */,
				CE89E91BDE541DF9B6E5C0BC /* FLCollectionViewDataSource.swift in Sources */,
				64EB76A7A6537275CE41C95E /* FLCollectionViewDelegate.swift in Sources */,
				1B7F1C3D3504AEE5A72EA595 /* FLCollectionViewTableViewCell.swift in Sources */,
				ADE03F0B978998511F9BC322 /* FLMediaTableViewCell.swift in Sources */,
				2FC8CA3B3EED1FEB6FF7C5E1 /* FLTableViewCell.swift in Sources */,
				35ADC2BF870DE26600B208F5 /* FLTableViewDataSource.swift in Sources */,
				560E64965810049765B42E99 /* FLTableViewDelegate.swift in Sources */,
				6E11062B239144116286E178 /* FLViewModel.swift in Sources */,
				A933A07FADB5E68442C38033 /* FRProxyDataPresenter.swift in Sources */,
				905C83F4ECC2D0438029C0A6 /* FeedItemDetailsViewController.swift in Sources */,
				4CF0333A9C17159BB1281902 /* FileManagerUtils.swift in Sources */,
				9E2A1EB7D100BD2788BFDFBA /* HTMLFileViewController.swift in Sources */,
				86960C2BAAFCDDAA096BCB01 /* HealingMusicBuilder.swift in Sources */,
				B5F5055559ABE977AD859DF9 /* HealingMusicInteractor.swift in Sources */,
				409C823A967390E43AC87D76 /* HealingMusicPresenter.swift in Sources */,
				3852FA482C70002ACFFB6ACA /* HealingMusicRouter.swift in Sources */,
				275DD952CDD17BAA2B0384FC /* HealingMusicViewController.swift in Sources */,
				B188F714EFA9A11AEB58E1EA /* HomeBuilder.swift in Sources */,
				BA7BB2CCF5DB96CCEACF8D2D /* HomeInteractor.swift in Sources */,
				4CB423DCB1A09E0DC72CC1E3 /* HomePresenter.swift in Sources */,
				AEF325881FEC109D796FCA99 /* HomeRouter.swift in Sources */,
				28557F7F3247D809FA62C27B /* HomeViewController.swift in Sources */,
				2B2007EBFBF4C68EE034DB38 /* InteractivePopRecognizer.swift in Sources */,
				39D1002785EBDE466EF1235F /* IstvanSkyPlayerViewController.swift in Sources */,
				53265C5174F32B1D30F7FBB2 /* ItemDetailsViewController.swift in Sources */,
				04F4FEE6CCD83416E8FE839A /* LocalizedValue.swift in Sources */,
				8E61C31F7D7657D0BDCFA80B /* MainMenuBuilder.swift in Sources */,
				DFB23024CCBD623597F9C62B /* MainMenuInteractor.swift in Sources */,
				2260F33D3CB84FD0C6B41879 /* MainMenuPresenter.swift in Sources */,
				FCA905706A0BA5AB49E63445 /* MainMenuRouter.swift in Sources */,
				D01BD160E97EDBD186E823F8 /* MainMenuViewController.swift in Sources */,
				5A189CDF376A17ACE98D8F1E /* MeditationDetailsViewController.swift in Sources */,
				5F388A7AE55B542D0211867B /* MoreBuilder.swift in Sources */,
				BC1EADAC7FE45EA40111EDC3 /* MoreInteractor.swift in Sources */,
				B55D279DD92C3D498B0B2211 /* MorePresenter.swift in Sources */,
				145EAED9BD11B18B68F68AAF /* MoreRouter.swift in Sources */,
				241C5996994C1D0846777DDE /* MoreTableViewDataSource.swift in Sources */,
				2D5475B53454CF5CDBEAD1F6 /* MoreTableViewDelegate.swift in Sources */,
				BFAD25AC9F5DAB170A84D5CF /* MoreViewController.swift in Sources */,
				25146770FFB15159C6552269 /* NSLocaleUtils.swift in Sources */,
				6B9E3A9D0D34882C2C10BBF9 /* ServicesContainer.swift in Sources */,
				6AA21F8CDB5E39E18DEFCC38 /* StringUtils.swift in Sources */,
				38017681CCD81536DE518602 /* TimeZoneUtils.swift in Sources */,
				9B362309FEC0D3EAB7CBE57E /* TourEventTableViewCell.swift in Sources */,
				24049F4F5C25C9B34B105B05 /* TourEventsBuilder.swift in Sources */,
				21947F5303FC43D6F7A5AD2E /* TourEventsDataSource.swift in Sources */,
				B30E8F1AB106D9BFE5E775E1 /* TourEventsDelegate.swift in Sources */,
				F4851D68B4879B405CA76693 /* TourEventsInteractor.swift in Sources */,
				4AF05965DF928063968B0EB6 /* TourEventsPresenter.swift in Sources */,
				92256D1E8B1091E092C46A82 /* TourEventsRouter.swift in Sources */,
				DCF52CA2D587C7FE92C2E4AE /* TourEventsViewController.swift in Sources */,
				583F94D3FE832C6A45CFC34C /* UIButtonUtils.swift in Sources */,
				5509BA8A470D27F7D07BE3D7 /* UIColorUtils.swift in Sources */,
				DA92B6C76F4DAC690DEC3E04 /* UIImageViewUtils.swift in Sources */,
				4C71E0AD5A683F9D384F7B8E /* UIView.swift in Sources */,
			);
			runOnlyForDeploymentPostprocessing = 0;
		};
		953388AEEADA92EF125E059B /* Sources */ = {
			isa = PBXSourcesBuildPhase;
			buildActionMask = 2147483647;
			files = (
				58F4FBCE58FE1CAD25A04F31 /* Istvan_SkyTests.swift in Sources */,
			);
			runOnlyForDeploymentPostprocessing = 0;
		};
		98099E3D12A8962AE31CD7C9 /* Sources */ = {
			isa = PBXSourcesBuildPhase;
			buildActionMask = 2147483647;
			files = (
				FA40D1A25028A7D5C605810C /* NotificationService.swift in Sources */,
			);
			runOnlyForDeploymentPostprocessing = 0;
		};
		DD17F27260F3FEAC58C4D01D /* Sources */ = {
			isa = PBXSourcesBuildPhase;
			buildActionMask = 2147483647;
			files = (
				BC684BF2B59E269DADEC4C17 /* Istvan_SkyUITests.swift in Sources */,
				C285EEED159C1D071AB56784 /* SnapshotHelper.swift in Sources */,
			);
			runOnlyForDeploymentPostprocessing = 0;
		};
/* End PBXSourcesBuildPhase section */

/* Begin PBXTargetDependency section */
		2075E4498F5C9607C85A47BB /* PBXTargetDependency */ = {
			isa = PBXTargetDependency;
			target = D42AB6EA0ECCF4773BF172CC /* Istvan Sky */;
			targetProxy = 5ECE0319801146F5A288C588 /* PBXContainerItemProxy */;
		};
		6E2E8D6C5E22F93430A3B3A6 /* PBXTargetDependency */ = {
			isa = PBXTargetDependency;
			target = E6C8FE5E452BF826E1CC3E09 /* NSE */;
			targetProxy = 1C518871481C12CC61976019 /* PBXContainerItemProxy */;
		};
		CDB7200FD2FC2DBEEC155E40 /* PBXTargetDependency */ = {
			isa = PBXTargetDependency;
			target = D42AB6EA0ECCF4773BF172CC /* Istvan Sky */;
			targetProxy = 06091EDF92E1BC0B5009892B /* PBXContainerItemProxy */;
		};
/* End PBXTargetDependency section */

/* Begin PBXVariantGroup section */
		4F7D6DCE2633BB06C5677D40 /* Main.storyboard */ = {
			isa = PBXVariantGroup;
			children = (
				4450E483937194FB07367C49 /* Base */,
			);
			name = Main.storyboard;
			sourceTree = "<group>";
		};
		6B0C81BAB5147826E87951FD /* LaunchScreen.storyboard */ = {
			isa = PBXVariantGroup;
			children = (
				83AD00F2A36CED630AC6C2CD /* Base */,
			);
			name = LaunchScreen.storyboard;
			sourceTree = "<group>";
		};
/* End PBXVariantGroup section */

/* Begin XCBuildConfiguration section */
		0D8DF189D288E2899B703E87 /* Release */ = {
			isa = XCBuildConfiguration;
			baseConfigurationReference = EE072CAFBB4ABA8107702149 /* Pods-NSE.release.xcconfig */;
			buildSettings = {
				CURRENT_PROJECT_VERSION = 1;
				INFOPLIST_FILE = NSE/Info.plist;
				IPHONEOS_DEPLOYMENT_TARGET = 10.0;
				LD_RUNPATH_SEARCH_PATHS = (
					"$(inherited)",
					"@executable_path/Frameworks",
					"@executable_path/../../Frameworks",
				);
				MARKETING_VERSION = 1.1;
				PRODUCT_BUNDLE_IDENTIFIER = "${BUNDLE_ID}.NSE";
				SDKROOT = iphoneos;
				TARGETED_DEVICE_FAMILY = "1,2";
			};
			name = Release;
		};
		2B58F7617032ED820DEE14D8 /* Debug */ = {
			isa = XCBuildConfiguration;
			buildSettings = {
				BUNDLE_LOADER = "$(TEST_HOST)";
				INFOPLIST_FILE = "Istvan SkyUITests/Info.plist";
				LD_RUNPATH_SEARCH_PATHS = (
					"$(inherited)",
					"@executable_path/Frameworks",
					"@loader_path/Frameworks",
				);
				SDKROOT = iphoneos;
				TARGETED_DEVICE_FAMILY = "1,2";
				TEST_TARGET_NAME = "Istvan Sky";
			};
			name = Debug;
		};
		2DE8B78DB07DD6E3B1D7148F /* Release */ = {
			isa = XCBuildConfiguration;
			buildSettings = {
				BUNDLE_LOADER = "$(TEST_HOST)";
				INFOPLIST_FILE = "Istvan SkyTests/Info.plist";
				LD_RUNPATH_SEARCH_PATHS = (
					"$(inherited)",
					"@executable_path/Frameworks",
					"@loader_path/Frameworks",
				);
				SDKROOT = iphoneos;
				TARGETED_DEVICE_FAMILY = "1,2";
				TEST_HOST = "$(BUILT_PRODUCTS_DIR)/Istvan Sky.app/Istvan Sky";
			};
			name = Release;
		};
		4DCC325C1DFF126A2E886D9E /* Debug */ = {
			isa = XCBuildConfiguration;
			buildSettings = {
				BUNDLE_LOADER = "$(TEST_HOST)";
				INFOPLIST_FILE = "Istvan SkyTests/Info.plist";
				LD_RUNPATH_SEARCH_PATHS = (
					"$(inherited)",
					"@executable_path/Frameworks",
					"@loader_path/Frameworks",
				);
				SDKROOT = iphoneos;
				TARGETED_DEVICE_FAMILY = "1,2";
				TEST_HOST = "$(BUILT_PRODUCTS_DIR)/Istvan Sky.app/Istvan Sky";
			};
			name = Debug;
		};
		513D909FD8B22372BC7CA275 /* Release */ = {
			isa = XCBuildConfiguration;
			baseConfigurationReference = 3534BCBCD787D3FAF7127C66 /* Pods-Istvan Sky.release.xcconfig */;
			buildSettings = {
				ASSETCATALOG_COMPILER_APPICON_NAME = AppIcon;
				CODE_SIGN_IDENTITY = "iPhone Developer";
				CURRENT_PROJECT_VERSION = 1;
				INFOPLIST_FILE = "Istvan Sky/Info.plist";
				IPHONEOS_DEPLOYMENT_TARGET = 10.0;
				LD_RUNPATH_SEARCH_PATHS = (
					"$(inherited)",
					"@executable_path/Frameworks",
				);
				MARKETING_VERSION = 1.1;
				PRODUCT_BUNDLE_IDENTIFIER = "${BUNDLE_ID}";
				SDKROOT = iphoneos;
				TARGETED_DEVICE_FAMILY = "1,2";
			};
			name = Release;
		};
		5FBA1303F6CF8009DEC6A72E /* Debug */ = {
			isa = XCBuildConfiguration;
			baseConfigurationReference = FBCD0076DC149B22C61988F4 /* Pods-Istvan Sky.debug.xcconfig */;
			buildSettings = {
				ASSETCATALOG_COMPILER_APPICON_NAME = AppIcon;
				CODE_SIGN_IDENTITY = "iPhone Developer";
				CURRENT_PROJECT_VERSION = 1;
				INFOPLIST_FILE = "Istvan Sky/Info.plist";
				IPHONEOS_DEPLOYMENT_TARGET = 10.0;
				LD_RUNPATH_SEARCH_PATHS = (
					"$(inherited)",
					"@executable_path/Frameworks",
				);
				MARKETING_VERSION = 1.1;
				PRODUCT_BUNDLE_IDENTIFIER = "${BUNDLE_ID}";
				SDKROOT = iphoneos;
				TARGETED_DEVICE_FAMILY = "1,2";
			};
			name = Debug;
		};
		729FC1BFC3B616C0AA3828C6 /* Release */ = {
			isa = XCBuildConfiguration;
			buildSettings = {
				ALWAYS_SEARCH_USER_PATHS = NO;
				BUNDLE_ID = com.istvansky.app.ios;
				CLANG_ANALYZER_NONNULL = YES;
				CLANG_ANALYZER_NUMBER_OBJECT_CONVERSION = YES_AGGRESSIVE;
				CLANG_CXX_LANGUAGE_STANDARD = "gnu++14";
				CLANG_CXX_LIBRARY = "libc++";
				CLANG_ENABLE_MODULES = YES;
				CLANG_ENABLE_OBJC_ARC = YES;
				CLANG_WARN_BLOCK_CAPTURE_AUTORELEASING = YES;
				CLANG_WARN_BOOL_CONVERSION = YES;
				CLANG_WARN_COMMA = YES;
				CLANG_WARN_CONSTANT_CONVERSION = YES;
				CLANG_WARN_DEPRECATED_OBJC_IMPLEMENTATIONS = YES;
				CLANG_WARN_DIRECT_OBJC_ISA_USAGE = YES_ERROR;
				CLANG_WARN_DOCUMENTATION_COMMENTS = YES;
				CLANG_WARN_EMPTY_BODY = YES;
				CLANG_WARN_ENUM_CONVERSION = YES;
				CLANG_WARN_INFINITE_RECURSION = YES;
				CLANG_WARN_INT_CONVERSION = YES;
				CLANG_WARN_NON_LITERAL_NULL_CONVERSION = YES;
				CLANG_WARN_OBJC_IMPLICIT_RETAIN_SELF = YES;
				CLANG_WARN_OBJC_LITERAL_CONVERSION = YES;
				CLANG_WARN_OBJC_ROOT_CLASS = YES_ERROR;
				CLANG_WARN_RANGE_LOOP_ANALYSIS = YES;
				CLANG_WARN_STRICT_PROTOTYPES = YES;
				CLANG_WARN_SUSPICIOUS_MOVE = YES;
				CLANG_WARN_UNGUARDED_AVAILABILITY = YES_AGGRESSIVE;
				CLANG_WARN_UNREACHABLE_CODE = YES;
				CLANG_WARN__DUPLICATE_METHOD_MATCH = YES;
				COPY_PHASE_STRIP = NO;
				DEBUG_INFORMATION_FORMAT = "dwarf-with-dsym";
				ENABLE_NS_ASSERTIONS = NO;
				ENABLE_STRICT_OBJC_MSGSEND = YES;
				GCC_C_LANGUAGE_STANDARD = gnu11;
				GCC_NO_COMMON_BLOCKS = YES;
				GCC_WARN_64_TO_32_BIT_CONVERSION = YES;
				GCC_WARN_ABOUT_RETURN_TYPE = YES_ERROR;
				GCC_WARN_UNDECLARED_SELECTOR = YES;
				GCC_WARN_UNINITIALIZED_AUTOS = YES_AGGRESSIVE;
				GCC_WARN_UNUSED_FUNCTION = YES;
				GCC_WARN_UNUSED_VARIABLE = YES;
				PRODUCT_NAME = "$(TARGET_NAME)";
				SDKROOT = iphoneos;
				SWIFT_COMPILATION_MODE = wholemodule;
				SWIFT_VERSION = 5.0;
				VALIDATE_PRODUCT = YES;
			};
			name = Release;
		};
		C19F634B93BA3C9565A1DD6D /* Debug */ = {
			isa = XCBuildConfiguration;
			buildSettings = {
				ALWAYS_SEARCH_USER_PATHS = NO;
				BUNDLE_ID = com.istvansky.app.ios;
				CLANG_ANALYZER_NONNULL = YES;
				CLANG_ANALYZER_NUMBER_OBJECT_CONVERSION = YES_AGGRESSIVE;
				CLANG_CXX_LANGUAGE_STANDARD = "gnu++14";
				CLANG_CXX_LIBRARY = "libc++";
				CLANG_ENABLE_MODULES = YES;
				CLANG_ENABLE_OBJC_ARC = YES;
				CLANG_WARN_BLOCK_CAPTURE_AUTORELEASING = YES;
				CLANG_WARN_BOOL_CONVERSION = YES;
				CLANG_WARN_COMMA = YES;
				CLANG_WARN_CONSTANT_CONVERSION = YES;
				CLANG_WARN_DEPRECATED_OBJC_IMPLEMENTATIONS = YES;
				CLANG_WARN_DIRECT_OBJC_ISA_USAGE = YES_ERROR;
				CLANG_WARN_DOCUMENTATION_COMMENTS = YES;
				CLANG_WARN_EMPTY_BODY = YES;
				CLANG_WARN_ENUM_CONVERSION = YES;
				CLANG_WARN_INFINITE_RECURSION = YES;
				CLANG_WARN_INT_CONVERSION = YES;
				CLANG_WARN_NON_LITERAL_NULL_CONVERSION = YES;
				CLANG_WARN_OBJC_IMPLICIT_RETAIN_SELF = YES;
				CLANG_WARN_OBJC_LITERAL_CONVERSION = YES;
				CLANG_WARN_OBJC_ROOT_CLASS = YES_ERROR;
				CLANG_WARN_RANGE_LOOP_ANALYSIS = YES;
				CLANG_WARN_STRICT_PROTOTYPES = YES;
				CLANG_WARN_SUSPICIOUS_MOVE = YES;
				CLANG_WARN_UNGUARDED_AVAILABILITY = YES_AGGRESSIVE;
				CLANG_WARN_UNREACHABLE_CODE = YES;
				CLANG_WARN__DUPLICATE_METHOD_MATCH = YES;
				COPY_PHASE_STRIP = NO;
				DEBUG_INFORMATION_FORMAT = dwarf;
				ENABLE_STRICT_OBJC_MSGSEND = YES;
				ENABLE_TESTABILITY = YES;
				GCC_C_LANGUAGE_STANDARD = gnu11;
				GCC_DYNAMIC_NO_PIC = NO;
				GCC_NO_COMMON_BLOCKS = YES;
				GCC_OPTIMIZATION_LEVEL = 0;
				GCC_PREPROCESSOR_DEFINITIONS = (
					"$(inherited)",
					"DEBUG=1",
				);
				GCC_WARN_64_TO_32_BIT_CONVERSION = YES;
				GCC_WARN_ABOUT_RETURN_TYPE = YES_ERROR;
				GCC_WARN_UNDECLARED_SELECTOR = YES;
				GCC_WARN_UNINITIALIZED_AUTOS = YES_AGGRESSIVE;
				GCC_WARN_UNUSED_FUNCTION = YES;
				GCC_WARN_UNUSED_VARIABLE = YES;
				MTL_ENABLE_DEBUG_INFO = YES;
				ONLY_ACTIVE_ARCH = YES;
				PRODUCT_NAME = "$(TARGET_NAME)";
				SDKROOT = iphoneos;
				SWIFT_ACTIVE_COMPILATION_CONDITIONS = DEBUG;
				SWIFT_OPTIMIZATION_LEVEL = "-Onone";
				SWIFT_VERSION = 5.0;
			};
			name = Debug;
		};
		C64FB8139369608D50E1596E /* Debug */ = {
			isa = XCBuildConfiguration;
			baseConfigurationReference = 16734163A653A1A8F2A2422F /* Pods-NSE.debug.xcconfig */;
			buildSettings = {
				CURRENT_PROJECT_VERSION = 1;
				INFOPLIST_FILE = NSE/Info.plist;
				IPHONEOS_DEPLOYMENT_TARGET = 10.0;
				LD_RUNPATH_SEARCH_PATHS = (
					"$(inherited)",
					"@executable_path/Frameworks",
					"@executable_path/../../Frameworks",
				);
				MARKETING_VERSION = 1.1;
				PRODUCT_BUNDLE_IDENTIFIER = "${BUNDLE_ID}.NSE";
				SDKROOT = iphoneos;
				TARGETED_DEVICE_FAMILY = "1,2";
			};
			name = Debug;
		};
		D2344B1BDF715B397FF92C74 /* Release */ = {
			isa = XCBuildConfiguration;
			buildSettings = {
				BUNDLE_LOADER = "$(TEST_HOST)";
				INFOPLIST_FILE = "Istvan SkyUITests/Info.plist";
				LD_RUNPATH_SEARCH_PATHS = (
					"$(inherited)",
					"@executable_path/Frameworks",
					"@loader_path/Frameworks",
				);
				SDKROOT = iphoneos;
				TARGETED_DEVICE_FAMILY = "1,2";
				TEST_TARGET_NAME = "Istvan Sky";
			};
			name = Release;
		};
/* End XCBuildConfiguration section */

/* Begin XCConfigurationList section */
		056ECE44F55BBFF7C3FF0DD5 /* Build configuration list for PBXProject "Istvan Sky" */ = {
			isa = XCConfigurationList;
			buildConfigurations = (
				C19F634B93BA3C9565A1DD6D /* Debug */,
				729FC1BFC3B616C0AA3828C6 /* Release */,
			);
			defaultConfigurationIsVisible = 0;
			defaultConfigurationName = Debug;
		};
		09ECC4E4371A3909D4C34C86 /* Build configuration list for PBXNativeTarget "Istvan SkyTests" */ = {
			isa = XCConfigurationList;
			buildConfigurations = (
				4DCC325C1DFF126A2E886D9E /* Debug */,
				2DE8B78DB07DD6E3B1D7148F /* Release */,
			);
			defaultConfigurationIsVisible = 0;
			defaultConfigurationName = Debug;
		};
		C73328823D2132A57535F512 /* Build configuration list for PBXNativeTarget "NSE" */ = {
			isa = XCConfigurationList;
			buildConfigurations = (
				C64FB8139369608D50E1596E /* Debug */,
				0D8DF189D288E2899B703E87 /* Release */,
			);
			defaultConfigurationIsVisible = 0;
			defaultConfigurationName = Debug;
		};
		F1D9988A858BE76EED51EC86 /* Build configuration list for PBXNativeTarget "Istvan Sky" */ = {
			isa = XCConfigurationList;
			buildConfigurations = (
				5FBA1303F6CF8009DEC6A72E /* Debug */,
				513D909FD8B22372BC7CA275 /* Release */,
			);
			defaultConfigurationIsVisible = 0;
			defaultConfigurationName = Debug;
		};
		FCB5C91F00118E19ACE9EB96 /* Build configuration list for PBXNativeTarget "Istvan SkyUITests" */ = {
			isa = XCConfigurationList;
			buildConfigurations = (
				2B58F7617032ED820DEE14D8 /* Debug */,
				D2344B1BDF715B397FF92C74 /* Release */,
			);
			defaultConfigurationIsVisible = 0;
			defaultConfigurationName = Debug;
		};
/* End XCConfigurationList section */
	};
	rootObject = 23C5FE5BFB943660B12DADF2 /* Project object */;
}
